// !$*UTF8*$!
{
	archiveVersion = 1;
	classes = {
	};
	objectVersion = 50;
	objects = {

/* Begin PBXBuildFile section */
		9807695720E8825000B6C01F /* AppDelegate.swift in Sources */ = {isa = PBXBuildFile; fileRef = 9807695620E8825000B6C01F /* AppDelegate.swift */; };
		9807695920E8825000B6C01F /* ViewController.swift in Sources */ = {isa = PBXBuildFile; fileRef = 9807695820E8825000B6C01F /* ViewController.swift */; };
		9807695C20E8825000B6C01F /* Main.storyboard in Resources */ = {isa = PBXBuildFile; fileRef = 9807695A20E8825000B6C01F /* Main.storyboard */; };
		9807695E20E8825100B6C01F /* Assets.xcassets in Resources */ = {isa = PBXBuildFile; fileRef = 9807695D20E8825100B6C01F /* Assets.xcassets */; };
		9807696120E8825100B6C01F /* LaunchScreen.storyboard in Resources */ = {isa = PBXBuildFile; fileRef = 9807695F20E8825100B6C01F /* LaunchScreen.storyboard */; };
		9807696920E883D800B6C01F /* team.plist in Resources */ = {isa = PBXBuildFile; fileRef = 9807696820E883D800B6C01F /* team.plist */; };
		9807696D20E885B400B6C01F /* a1.png in Resources */ = {isa = PBXBuildFile; fileRef = 9807696C20E885B400B6C01F /* a1.png */; };
		98076A5A20E896BD00B6C01F /* a1.png in Resources */ = {isa = PBXBuildFile; fileRef = 98076A3A20E896BD00B6C01F /* a1.png */; };
		98076A5B20E896BD00B6C01F /* a2.png in Resources */ = {isa = PBXBuildFile; fileRef = 98076A3B20E896BD00B6C01F /* a2.png */; };
		98076A5C20E896BD00B6C01F /* a3.png in Resources */ = {isa = PBXBuildFile; fileRef = 98076A3C20E896BD00B6C01F /* a3.png */; };
		98076A5D20E896BD00B6C01F /* a4.png in Resources */ = {isa = PBXBuildFile; fileRef = 98076A3D20E896BD00B6C01F /* a4.png */; };
		98076A5E20E896BD00B6C01F /* b1.png in Resources */ = {isa = PBXBuildFile; fileRef = 98076A3E20E896BD00B6C01F /* b1.png */; };
		98076A5F20E896BD00B6C01F /* b2.png in Resources */ = {isa = PBXBuildFile; fileRef = 98076A3F20E896BD00B6C01F /* b2.png */; };
		98076A6020E896BD00B6C01F /* b3.png in Resources */ = {isa = PBXBuildFile; fileRef = 98076A4020E896BD00B6C01F /* b3.png */; };
		98076A6120E896BD00B6C01F /* b4.png in Resources */ = {isa = PBXBuildFile; fileRef = 98076A4120E896BD00B6C01F /* b4.png */; };
		98076A6220E896BD00B6C01F /* c1.png in Resources */ = {isa = PBXBuildFile; fileRef = 98076A4220E896BD00B6C01F /* c1.png */; };
		98076A6320E896BD00B6C01F /* c2.png in Resources */ = {isa = PBXBuildFile; fileRef = 98076A4320E896BD00B6C01F /* c2.png */; };
		98076A6420E896BD00B6C01F /* c3.png in Resources */ = {isa = PBXBuildFile; fileRef = 98076A4420E896BD00B6C01F /* c3.png */; };
		98076A6520E896BD00B6C01F /* c4.png in Resources */ = {isa = PBXBuildFile; fileRef = 98076A4520E896BD00B6C01F /* c4.png */; };
		98076A6620E896BD00B6C01F /* d1.png in Resources */ = {isa = PBXBuildFile; fileRef = 98076A4620E896BD00B6C01F /* d1.png */; };
		98076A6720E896BD00B6C01F /* d2.png in Resources */ = {isa = PBXBuildFile; fileRef = 98076A4720E896BD00B6C01F /* d2.png */; };
		98076A6820E896BD00B6C01F /* d3.png in Resources */ = {isa = PBXBuildFile; fileRef = 98076A4820E896BD00B6C01F /* d3.png */; };
		98076A6920E896BD00B6C01F /* d4.png in Resources */ = {isa = PBXBuildFile; fileRef = 98076A4920E896BD00B6C01F /* d4.png */; };
		98076A6A20E896BD00B6C01F /* e1.png in Resources */ = {isa = PBXBuildFile; fileRef = 98076A4A20E896BD00B6C01F /* e1.png */; };
		98076A6B20E896BD00B6C01F /* e2.png in Resources */ = {isa = PBXBuildFile; fileRef = 98076A4B20E896BD00B6C01F /* e2.png */; };
		98076A6C20E896BD00B6C01F /* e3.png in Resources */ = {isa = PBXBuildFile; fileRef = 98076A4C20E896BD00B6C01F /* e3.png */; };
		98076A6D20E896BD00B6C01F /* e4.png in Resources */ = {isa = PBXBuildFile; fileRef = 98076A4D20E896BD00B6C01F /* e4.png */; };
		98076A6E20E896BD00B6C01F /* f1.png in Resources */ = {isa = PBXBuildFile; fileRef = 98076A4E20E896BD00B6C01F /* f1.png */; };
		98076A6F20E896BD00B6C01F /* f2.png in Resources */ = {isa = PBXBuildFile; fileRef = 98076A4F20E896BD00B6C01F /* f2.png */; };
		98076A7020E896BD00B6C01F /* f3.png in Resources */ = {isa = PBXBuildFile; fileRef = 98076A5020E896BD00B6C01F /* f3.png */; };
		98076A7120E896BD00B6C01F /* f4.png in Resources */ = {isa = PBXBuildFile; fileRef = 98076A5120E896BD00B6C01F /* f4.png */; };
		98076A7220E896BD00B6C01F /* g1.png in Resources */ = {isa = PBXBuildFile; fileRef = 98076A5220E896BD00B6C01F /* g1.png */; };
		98076A7320E896BD00B6C01F /* g2.png in Resources */ = {isa = PBXBuildFile; fileRef = 98076A5320E896BD00B6C01F /* g2.png */; };
		98076A7420E896BD00B6C01F /* g3.png in Resources */ = {isa = PBXBuildFile; fileRef = 98076A5420E896BD00B6C01F /* g3.png */; };
		98076A7520E896BD00B6C01F /* g4.png in Resources */ = {isa = PBXBuildFile; fileRef = 98076A5520E896BD00B6C01F /* g4.png */; };
		98076A7620E896BD00B6C01F /* h1.png in Resources */ = {isa = PBXBuildFile; fileRef = 98076A5620E896BD00B6C01F /* h1.png */; };
		98076A7720E896BD00B6C01F /* h2.png in Resources */ = {isa = PBXBuildFile; fileRef = 98076A5720E896BD00B6C01F /* h2.png */; };
		98076A7820E896BD00B6C01F /* h3.png in Resources */ = {isa = PBXBuildFile; fileRef = 98076A5820E896BD00B6C01F /* h3.png */; };
		98076A7920E896BD00B6C01F /* h4.png in Resources */ = {isa = PBXBuildFile; fileRef = 98076A5920E896BD00B6C01F /* h4.png */; };
/* End PBXBuildFile section */

/* Begin PBXFileReference section */
		9807695320E8825000B6C01F /* SimpleTable.app */ = {isa = PBXFileReference; explicitFileType = wrapper.application; includeInIndex = 0; path = SimpleTable.app; sourceTree = BUILT_PRODUCTS_DIR; };
		9807695620E8825000B6C01F /* AppDelegate.swift */ = {isa = PBXFileReference; lastKnownFileType = sourcecode.swift; path = AppDelegate.swift; sourceTree = "<group>"; };
		9807695820E8825000B6C01F /* ViewController.swift */ = {isa = PBXFileReference; lastKnownFileType = sourcecode.swift; path = ViewController.swift; sourceTree = "<group>"; };
		9807695B20E8825000B6C01F /* Base */ = {isa = PBXFileReference; lastKnownFileType = file.storyboard; name = Base; path = Base.lproj/Main.storyboard; sourceTree = "<group>"; };
		9807695D20E8825100B6C01F /* Assets.xcassets */ = {isa = PBXFileReference; lastKnownFileType = folder.assetcatalog; path = Assets.xcassets; sourceTree = "<group>"; };
		9807696020E8825100B6C01F /* Base */ = {isa = PBXFileReference; lastKnownFileType = file.storyboard; name = Base; path = Base.lproj/LaunchScreen.storyboard; sourceTree = "<group>"; };
		9807696220E8825100B6C01F /* Info.plist */ = {isa = PBXFileReference; lastKnownFileType = text.plist.xml; path = Info.plist; sourceTree = "<group>"; };
		9807696820E883D800B6C01F /* team.plist */ = {isa = PBXFileReference; lastKnownFileType = text.plist.xml; path = team.plist; sourceTree = "<group>"; };
		9807696C20E885B400B6C01F /* a1.png */ = {isa = PBXFileReference; lastKnownFileType = image.png; name = a1.png; path = ../../../../Pictures/worldcup/a1.png; sourceTree = "<group>"; };
		98076A3A20E896BD00B6C01F /* a1.png */ = {isa = PBXFileReference; lastKnownFileType = image.png; path = a1.png; sourceTree = "<group>"; };
		98076A3B20E896BD00B6C01F /* a2.png */ = {isa = PBXFileReference; lastKnownFileType = image.png; path = a2.png; sourceTree = "<group>"; };
		98076A3C20E896BD00B6C01F /* a3.png */ = {isa = PBXFileReference; lastKnownFileType = image.png; path = a3.png; sourceTree = "<group>"; };
		98076A3D20E896BD00B6C01F /* a4.png */ = {isa = PBXFileReference; lastKnownFileType = image.png; path = a4.png; sourceTree = "<group>"; };
		98076A3E20E896BD00B6C01F /* b1.png */ = {isa = PBXFileReference; lastKnownFileType = image.png; path = b1.png; sourceTree = "<group>"; };
		98076A3F20E896BD00B6C01F /* b2.png */ = {isa = PBXFileReference; lastKnownFileType = image.png; path = b2.png; sourceTree = "<group>"; };
		98076A4020E896BD00B6C01F /* b3.png */ = {isa = PBXFileReference; lastKnownFileType = image.png; path = b3.png; sourceTree = "<group>"; };
		98076A4120E896BD00B6C01F /* b4.png */ = {isa = PBXFileReference; lastKnownFileType = image.png; path = b4.png; sourceTree = "<group>"; };
		98076A4220E896BD00B6C01F /* c1.png */ = {isa = PBXFileReference; lastKnownFileType = image.png; path = c1.png; sourceTree = "<group>"; };
		98076A4320E896BD00B6C01F /* c2.png */ = {isa = PBXFileReference; lastKnownFileType = image.png; path = c2.png; sourceTree = "<group>"; };
		98076A4420E896BD00B6C01F /* c3.png */ = {isa = PBXFileReference; lastKnownFileType = image.png; path = c3.png; sourceTree = "<group>"; };
		98076A4520E896BD00B6C01F /* c4.png */ = {isa = PBXFileReference; lastKnownFileType = image.png; path = c4.png; sourceTree = "<group>"; };
		98076A4620E896BD00B6C01F /* d1.png */ = {isa = PBXFileReference; lastKnownFileType = image.png; path = d1.png; sourceTree = "<group>"; };
		98076A4720E896BD00B6C01F /* d2.png */ = {isa = PBXFileReference; lastKnownFileType = image.png; path = d2.png; sourceTree = "<group>"; };
		98076A4820E896BD00B6C01F /* d3.png */ = {isa = PBXFileReference; lastKnownFileType = image.png; path = d3.png; sourceTree = "<group>"; };
		98076A4920E896BD00B6C01F /* d4.png */ = {isa = PBXFileReference; lastKnownFileType = image.png; path = d4.png; sourceTree = "<group>"; };
		98076A4A20E896BD00B6C01F /* e1.png */ = {isa = PBXFileReference; lastKnownFileType = image.png; path = e1.png; sourceTree = "<group>"; };
		98076A4B20E896BD00B6C01F /* e2.png */ = {isa = PBXFileReference; lastKnownFileType = image.png; path = e2.png; sourceTree = "<group>"; };
		98076A4C20E896BD00B6C01F /* e3.png */ = {isa = PBXFileReference; lastKnownFileType = image.png; path = e3.png; sourceTree = "<group>"; };
		98076A4D20E896BD00B6C01F /* e4.png */ = {isa = PBXFileReference; lastKnownFileType = image.png; path = e4.png; sourceTree = "<group>"; };
		98076A4E20E896BD00B6C01F /* f1.png */ = {isa = PBXFileReference; lastKnownFileType = image.png; path = f1.png; sourceTree = "<group>"; };
		98076A4F20E896BD00B6C01F /* f2.png */ = {isa = PBXFileReference; lastKnownFileType = image.png; path = f2.png; sourceTree = "<group>"; };
		98076A5020E896BD00B6C01F /* f3.png */ = {isa = PBXFileReference; lastKnownFileType = image.png; path = f3.png; sourceTree = "<group>"; };
		98076A5120E896BD00B6C01F /* f4.png */ = {isa = PBXFileReference; lastKnownFileType = image.png; path = f4.png; sourceTree = "<group>"; };
		98076A5220E896BD00B6C01F /* g1.png */ = {isa = PBXFileReference; lastKnownFileType = image.png; path = g1.png; sourceTree = "<group>"; };
		98076A5320E896BD00B6C01F /* g2.png */ = {isa = PBXFileReference; lastKnownFileType = image.png; path = g2.png; sourceTree = "<group>"; };
		98076A5420E896BD00B6C01F /* g3.png */ = {isa = PBXFileReference; lastKnownFileType = image.png; path = g3.png; sourceTree = "<group>"; };
		98076A5520E896BD00B6C01F /* g4.png */ = {isa = PBXFileReference; lastKnownFileType = image.png; path = g4.png; sourceTree = "<group>"; };
		98076A5620E896BD00B6C01F /* h1.png */ = {isa = PBXFileReference; lastKnownFileType = image.png; path = h1.png; sourceTree = "<group>"; };
		98076A5720E896BD00B6C01F /* h2.png */ = {isa = PBXFileReference; lastKnownFileType = image.png; path = h2.png; sourceTree = "<group>"; };
		98076A5820E896BD00B6C01F /* h3.png */ = {isa = PBXFileReference; lastKnownFileType = image.png; path = h3.png; sourceTree = "<group>"; };
		98076A5920E896BD00B6C01F /* h4.png */ = {isa = PBXFileReference; lastKnownFileType = image.png; path = h4.png; sourceTree = "<group>"; };
/* End PBXFileReference section */

/* Begin PBXFrameworksBuildPhase section */
		9807695020E8825000B6C01F /* Frameworks */ = {
			isa = PBXFrameworksBuildPhase;
			buildActionMask = 2147483647;
			files = (
			);
			runOnlyForDeploymentPostprocessing = 0;
		};
/* End PBXFrameworksBuildPhase section */

/* Begin PBXGroup section */
		9807694A20E8825000B6C01F = {
			isa = PBXGroup;
			children = (
				9807695520E8825000B6C01F /* SimpleTable */,
				9807695420E8825000B6C01F /* Products */,
			);
			sourceTree = "<group>";
		};
		9807695420E8825000B6C01F /* Products */ = {
			isa = PBXGroup;
			children = (
				9807695320E8825000B6C01F /* SimpleTable.app */,
			);
			name = Products;
			sourceTree = "<group>";
		};
		9807695520E8825000B6C01F /* SimpleTable */ = {
			isa = PBXGroup;
			children = (
				98076A3920E896BD00B6C01F /* worldcup */,
				9807695620E8825000B6C01F /* AppDelegate.swift */,
				9807695820E8825000B6C01F /* ViewController.swift */,
				9807695A20E8825000B6C01F /* Main.storyboard */,
				9807696C20E885B400B6C01F /* a1.png */,
				9807695D20E8825100B6C01F /* Assets.xcassets */,
				9807695F20E8825100B6C01F /* LaunchScreen.storyboard */,
				9807696220E8825100B6C01F /* Info.plist */,
				9807696820E883D800B6C01F /* team.plist */,
			);
			path = SimpleTable;
			sourceTree = "<group>";
		};
		98076A3920E896BD00B6C01F /* worldcup */ = {
			isa = PBXGroup;
			children = (
				98076A3A20E896BD00B6C01F /* a1.png */,
				98076A3B20E896BD00B6C01F /* a2.png */,
				98076A3C20E896BD00B6C01F /* a3.png */,
				98076A3D20E896BD00B6C01F /* a4.png */,
				98076A3E20E896BD00B6C01F /* b1.png */,
				98076A3F20E896BD00B6C01F /* b2.png */,
				98076A4020E896BD00B6C01F /* b3.png */,
				98076A4120E896BD00B6C01F /* b4.png */,
				98076A4220E896BD00B6C01F /* c1.png */,
				98076A4320E896BD00B6C01F /* c2.png */,
				98076A4420E896BD00B6C01F /* c3.png */,
				98076A4520E896BD00B6C01F /* c4.png */,
				98076A4620E896BD00B6C01F /* d1.png */,
				98076A4720E896BD00B6C01F /* d2.png */,
				98076A4820E896BD00B6C01F /* d3.png */,
				98076A4920E896BD00B6C01F /* d4.png */,
				98076A4A20E896BD00B6C01F /* e1.png */,
				98076A4B20E896BD00B6C01F /* e2.png */,
				98076A4C20E896BD00B6C01F /* e3.png */,
				98076A4D20E896BD00B6C01F /* e4.png */,
				98076A4E20E896BD00B6C01F /* f1.png */,
				98076A4F20E896BD00B6C01F /* f2.png */,
				98076A5020E896BD00B6C01F /* f3.png */,
				98076A5120E896BD00B6C01F /* f4.png */,
				98076A5220E896BD00B6C01F /* g1.png */,
				98076A5320E896BD00B6C01F /* g2.png */,
				98076A5420E896BD00B6C01F /* g3.png */,
				98076A5520E896BD00B6C01F /* g4.png */,
				98076A5620E896BD00B6C01F /* h1.png */,
				98076A5720E896BD00B6C01F /* h2.png */,
				98076A5820E896BD00B6C01F /* h3.png */,
				98076A5920E896BD00B6C01F /* h4.png */,
			);
			name = worldcup;
			path = ../../../../Pictures/worldcup;
			sourceTree = "<group>";
		};
/* End PBXGroup section */

/* Begin PBXNativeTarget section */
		9807695220E8825000B6C01F /* SimpleTable */ = {
			isa = PBXNativeTarget;
			buildConfigurationList = 9807696520E8825100B6C01F /* Build configuration list for PBXNativeTarget "SimpleTable" */;
			buildPhases = (
				9807694F20E8825000B6C01F /* Sources */,
				9807695020E8825000B6C01F /* Frameworks */,
				9807695120E8825000B6C01F /* Resources */,
			);
			buildRules = (
			);
			dependencies = (
			);
			name = SimpleTable;
			productName = SimpleTable;
			productReference = 9807695320E8825000B6C01F /* SimpleTable.app */;
			productType = "com.apple.product-type.application";
		};
/* End PBXNativeTarget section */

/* Begin PBXProject section */
		9807694B20E8825000B6C01F /* Project object */ = {
			isa = PBXProject;
			attributes = {
				LastSwiftUpdateCheck = 0940;
				LastUpgradeCheck = 0940;
				ORGANIZATIONNAME = wangjue;
				TargetAttributes = {
					9807695220E8825000B6C01F = {
						CreatedOnToolsVersion = 9.4.1;
					};
				};
			};
			buildConfigurationList = 9807694E20E8825000B6C01F /* Build configuration list for PBXProject "SimpleTable" */;
			compatibilityVersion = "Xcode 9.3";
			developmentRegion = en;
			hasScannedForEncodings = 0;
			knownRegions = (
				en,
				Base,
			);
			mainGroup = 9807694A20E8825000B6C01F;
			productRefGroup = 9807695420E8825000B6C01F /* Products */;
			projectDirPath = "";
			projectRoot = "";
			targets = (
				9807695220E8825000B6C01F /* SimpleTable */,
			);
		};
/* End PBXProject section */

/* Begin PBXResourcesBuildPhase section */
		9807695120E8825000B6C01F /* Resources */ = {
			isa = PBXResourcesBuildPhase;
			buildActionMask = 2147483647;
			files = (
				98076A6E20E896BD00B6C01F /* f1.png in Resources */,
				98076A6820E896BD00B6C01F /* d3.png in Resources */,
				98076A7020E896BD00B6C01F /* f3.png in Resources */,
				98076A6920E896BD00B6C01F /* d4.png in Resources */,
				98076A6120E896BD00B6C01F /* b4.png in Resources */,
				98076A6A20E896BD00B6C01F /* e1.png in Resources */,
				98076A5E20E896BD00B6C01F /* b1.png in Resources */,
				9807696D20E885B400B6C01F /* a1.png in Resources */,
				98076A5A20E896BD00B6C01F /* a1.png in Resources */,
				98076A6B20E896BD00B6C01F /* e2.png in Resources */,
				98076A7720E896BD00B6C01F /* h2.png in Resources */,
				98076A5F20E896BD00B6C01F /* b2.png in Resources */,
				98076A6C20E896BD00B6C01F /* e3.png in Resources */,
				98076A6320E896BD00B6C01F /* c2.png in Resources */,
				98076A7320E896BD00B6C01F /* g2.png in Resources */,
				98076A7620E896BD00B6C01F /* h1.png in Resources */,
				9807696120E8825100B6C01F /* LaunchScreen.storyboard in Resources */,
				98076A6720E896BD00B6C01F /* d2.png in Resources */,
				98076A5B20E896BD00B6C01F /* a2.png in Resources */,
				98076A6020E896BD00B6C01F /* b3.png in Resources */,
				98076A5D20E896BD00B6C01F /* a4.png in Resources */,
				98076A7420E896BD00B6C01F /* g3.png in Resources */,
				98076A7920E896BD00B6C01F /* h4.png in Resources */,
				98076A7120E896BD00B6C01F /* f4.png in Resources */,
				98076A6F20E896BD00B6C01F /* f2.png in Resources */,
				98076A7820E896BD00B6C01F /* h3.png in Resources */,
				98076A6620E896BD00B6C01F /* d1.png in Resources */,
				98076A6520E896BD00B6C01F /* c4.png in Resources */,
				9807695E20E8825100B6C01F /* Assets.xcassets in Resources */,
				98076A7520E896BD00B6C01F /* g4.png in Resources */,
				98076A5C20E896BD00B6C01F /* a3.png in Resources */,
				98076A6D20E896BD00B6C01F /* e4.png in Resources */,
				98076A7220E896BD00B6C01F /* g1.png in Resources */,
				98076A6220E896BD00B6C01F /* c1.png in Resources */,
				9807695C20E8825000B6C01F /* Main.storyboard in Resources */,
				9807696920E883D800B6C01F /* team.plist in Resources */,
				98076A6420E896BD00B6C01F /* c3.png in Resources */,
			);
			runOnlyForDeploymentPostprocessing = 0;
		};
/* End PBXResourcesBuildPhase section */

/* Begin PBXSourcesBuildPhase section */
		9807694F20E8825000B6C01F /* Sources */ = {
			isa = PBXSourcesBuildPhase;
			buildActionMask = 2147483647;
			files = (
				9807695920E8825000B6C01F /* ViewController.swift in Sources */,
				9807695720E8825000B6C01F /* AppDelegate.swift in Sources */,
			);
			runOnlyForDeploymentPostprocessing = 0;
		};
/* End PBXSourcesBuildPhase section */

/* Begin PBXVariantGroup section */
		9807695A20E8825000B6C01F /* Main.storyboard */ = {
			isa = PBXVariantGroup;
			children = (
				9807695B20E8825000B6C01F /* Base */,
			);
			name = Main.storyboard;
			sourceTree = "<group>";
		};
		9807695F20E8825100B6C01F /* LaunchScreen.storyboard */ = {
			isa = PBXVariantGroup;
			children = (
				9807696020E8825100B6C01F /* Base */,
			);
			name = LaunchScreen.storyboard;
			sourceTree = "<group>";
		};
/* End PBXVariantGroup section */

/* Begin XCBuildConfiguration section */
		9807696320E8825100B6C01F /* Debug */ = {
			isa = XCBuildConfiguration;
			buildSettings = {
				ALWAYS_SEARCH_USER_PATHS = NO;
				CLANG_ANALYZER_NONNULL = YES;
				CLANG_ANALYZER_NUMBER_OBJECT_CONVERSION = YES_AGGRESSIVE;
				CLANG_CXX_LANGUAGE_STANDARD = "gnu++14";
				CLANG_CXX_LIBRARY = "libc++";
				CLANG_ENABLE_MODULES = YES;
				CLANG_ENABLE_OBJC_ARC = YES;
				CLANG_ENABLE_OBJC_WEAK = YES;
				CLANG_WARN_BLOCK_CAPTURE_AUTORELEASING = YES;
				CLANG_WARN_BOOL_CONVERSION = YES;
				CLANG_WARN_COMMA = YES;
				CLANG_WARN_CONSTANT_CONVERSION = YES;
				CLANG_WARN_DEPRECATED_OBJC_IMPLEMENTATIONS = YES;
				CLANG_WARN_DIRECT_OBJC_ISA_USAGE = YES_ERROR;
				CLANG_WARN_DOCUMENTATION_COMMENTS = YES;
				CLANG_WARN_EMPTY_BODY = YES;
				CLANG_WARN_ENUM_CONVERSION = YES;
				CLANG_WARN_INFINITE_RECURSION = YES;
				CLANG_WARN_INT_CONVERSION = YES;
				CLANG_WARN_NON_LITERAL_NULL_CONVERSION = YES;
				CLANG_WARN_OBJC_IMPLICIT_RETAIN_SELF = YES;
				CLANG_WARN_OBJC_LITERAL_CONVERSION = YES;
				CLANG_WARN_OBJC_ROOT_CLASS = YES_ERROR;
				CLANG_WARN_RANGE_LOOP_ANALYSIS = YES;
				CLANG_WARN_STRICT_PROTOTYPES = YES;
				CLANG_WARN_SUSPICIOUS_MOVE = YES;
				CLANG_WARN_UNGUARDED_AVAILABILITY = YES_AGGRESSIVE;
				CLANG_WARN_UNREACHABLE_CODE = YES;
				CLANG_WARN__DUPLICATE_METHOD_MATCH = YES;
				CODE_SIGN_IDENTITY = "iPhone Developer";
				COPY_PHASE_STRIP = NO;
				DEBUG_INFORMATION_FORMAT = dwarf;
				ENABLE_STRICT_OBJC_MSGSEND = YES;
				ENABLE_TESTABILITY = YES;
				GCC_C_LANGUAGE_STANDARD = gnu11;
				GCC_DYNAMIC_NO_PIC = NO;
				GCC_NO_COMMON_BLOCKS = YES;
				GCC_OPTIMIZATION_LEVEL = 0;
				GCC_PREPROCESSOR_DEFINITIONS = (
					"DEBUG=1",
					"$(inherited)",
				);
				GCC_WARN_64_TO_32_BIT_CONVERSION = YES;
				GCC_WARN_ABOUT_RETURN_TYPE = YES_ERROR;
				GCC_WARN_UNDECLARED_SELECTOR = YES;
				GCC_WARN_UNINITIALIZED_AUTOS = YES_AGGRESSIVE;
				GCC_WARN_UNUSED_FUNCTION = YES;
				GCC_WARN_UNUSED_VARIABLE = YES;
				IPHONEOS_DEPLOYMENT_TARGET = 11.4;
				MTL_ENABLE_DEBUG_INFO = YES;
				ONLY_ACTIVE_ARCH = YES;
				SDKROOT = iphoneos;
				SWIFT_ACTIVE_COMPILATION_CONDITIONS = DEBUG;
				SWIFT_OPTIMIZATION_LEVEL = "-Onone";
			};
			name = Debug;
		};
		9807696420E8825100B6C01F /* Release */ = {
			isa = XCBuildConfiguration;
			buildSettings = {
				ALWAYS_SEARCH_USER_PATHS = NO;
				CLANG_ANALYZER_NONNULL = YES;
				CLANG_ANALYZER_NUMBER_OBJECT_CONVERSION = YES_AGGRESSIVE;
				CLANG_CXX_LANGUAGE_STANDARD = "gnu++14";
				CLANG_CXX_LIBRARY = "libc++";
				CLANG_ENABLE_MODULES = YES;
				CLANG_ENABLE_OBJC_ARC = YES;
				CLANG_ENABLE_OBJC_WEAK = YES;
				CLANG_WARN_BLOCK_CAPTURE_AUTORELEASING = YES;
				CLANG_WARN_BOOL_CONVERSION = YES;
				CLANG_WARN_COMMA = YES;
				CLANG_WARN_CONSTANT_CONVERSION = YES;
				CLANG_WARN_DEPRECATED_OBJC_IMPLEMENTATIONS = YES;
				CLANG_WARN_DIRECT_OBJC_ISA_USAGE = YES_ERROR;
				CLANG_WARN_DOCUMENTATION_COMMENTS = YES;
				CLANG_WARN_EMPTY_BODY = YES;
				CLANG_WARN_ENUM_CONVERSION = YES;
				CLANG_WARN_INFINITE_RECURSION = YES;
				CLANG_WARN_INT_CONVERSION = YES;
				CLANG_WARN_NON_LITERAL_NULL_CONVERSION = YES;
				CLANG_WARN_OBJC_IMPLICIT_RETAIN_SELF = YES;
				CLANG_WARN_OBJC_LITERAL_CONVERSION = YES;
				CLANG_WARN_OBJC_ROOT_CLASS = YES_ERROR;
				CLANG_WARN_RANGE_LOOP_ANALYSIS = YES;
				CLANG_WARN_STRICT_PROTOTYPES = YES;
				CLANG_WARN_SUSPICIOUS_MOVE = YES;
				CLANG_WARN_UNGUARDED_AVAILABILITY = YES_AGGRESSIVE;
				CLANG_WARN_UNREACHABLE_CODE = YES;
				CLANG_WARN__DUPLICATE_METHOD_MATCH = YES;
				CODE_SIGN_IDENTITY = "iPhone Developer";
				COPY_PHASE_STRIP = NO;
				DEBUG_INFORMATION_FORMAT = "dwarf-with-dsym";
				ENABLE_NS_ASSERTIONS = NO;
				ENABLE_STRICT_OBJC_MSGSEND = YES;
				GCC_C_LANGUAGE_STANDARD = gnu11;
				GCC_NO_COMMON_BLOCKS = YES;
				GCC_WARN_64_TO_32_BIT_CONVERSION = YES;
				GCC_WARN_ABOUT_RETURN_TYPE = YES_ERROR;
				GCC_WARN_UNDECLARED_SELECTOR = YES;
				GCC_WARN_UNINITIALIZED_AUTOS = YES_AGGRESSIVE;
				GCC_WARN_UNUSED_FUNCTION = YES;
				GCC_WARN_UNUSED_VARIABLE = YES;
				IPHONEOS_DEPLOYMENT_TARGET = 11.4;
				MTL_ENABLE_DEBUG_INFO = NO;
				SDKROOT = iphoneos;
				SWIFT_COMPILATION_MODE = wholemodule;
				SWIFT_OPTIMIZATION_LEVEL = "-O";
				VALIDATE_PRODUCT = YES;
			};
			name = Release;
		};
		9807696620E8825100B6C01F /* Debug */ = {
			isa = XCBuildConfiguration;
			buildSettings = {
				ASSETCATALOG_COMPILER_APPICON_NAME = AppIcon;
				CODE_SIGN_STYLE = Automatic;
				DEVELOPMENT_TEAM = GVN682F3UK;
				INFOPLIST_FILE = SimpleTable/Info.plist;
				LD_RUNPATH_SEARCH_PATHS = (
					"$(inherited)",
					"@executable_path/Frameworks",
				);
				PRODUCT_BUNDLE_IDENTIFIER = www.wangjue.SimpleTable;
				PRODUCT_NAME = "$(TARGET_NAME)";
				SWIFT_VERSION = 4.0;
				TARGETED_DEVICE_FAMILY = "1,2";
			};
			name = Debug;
		};
		9807696720E8825100B6C01F /* Release */ = {
			isa = XCBuildConfiguration;
			buildSettings = {
				ASSETCATALOG_COMPILER_APPICON_NAME = AppIcon;
				CODE_SIGN_STYLE = Automatic;
				DEVELOPMENT_TEAM = GVN682F3UK;
				INFOPLIST_FILE = SimpleTable/Info.plist;
				LD_RUNPATH_SEARCH_PATHS = (
					"$(inherited)",
					"@executable_path/Frameworks",
				);
				PRODUCT_BUNDLE_IDENTIFIER = www.wangjue.SimpleTable;
				PRODUCT_NAME = "$(TARGET_NAME)";
				SWIFT_VERSION = 4.0;
				TARGETED_DEVICE_FAMILY = "1,2";
			};
			name = Release;
		};
/* End XCBuildConfiguration section */

/* Begin XCConfigurationList section */
		9807694E20E8825000B6C01F /* Build configuration list for PBXProject "SimpleTable" */ = {
			isa = XCConfigurationList;
			buildConfigurations = (
				9807696320E8825100B6C01F /* Debug */,
				9807696420E8825100B6C01F /* Release */,
			);
			defaultConfigurationIsVisible = 0;
			defaultConfigurationName = Release;
		};
		9807696520E8825100B6C01F /* Build configuration list for PBXNativeTarget "SimpleTable" */ = {
			isa = XCConfigurationList;
			buildConfigurations = (
				9807696620E8825100B6C01F /* Debug */,
				9807696720E8825100B6C01F /* Release */,
			);
			defaultConfigurationIsVisible = 0;
			defaultConfigurationName = Release;
		};
/* End XCConfigurationList section */
	};
	rootObject = 9807694B20E8825000B6C01F /* Project object */;
}
