// !$*UTF8*$!
{
	archiveVersion = 1;
	classes = {
	};
	objectVersion = 50;
	objects = {

/* Begin PBXBuildFile section */
		98AF46A520F751D900EBE65A /* AppDelegate.swift in Sources */ = {isa = PBXBuildFile; fileRef = 98AF46A420F751D900EBE65A /* AppDelegate.swift */; };
		98AF46A720F751D900EBE65A /* RootViewController.swift in Sources */ = {isa = PBXBuildFile; fileRef = 98AF46A620F751D900EBE65A /* RootViewController.swift */; };
		98AF46A920F751D900EBE65A /* DataViewController.swift in Sources */ = {isa = PBXBuildFile; fileRef = 98AF46A820F751D900EBE65A /* DataViewController.swift */; };
		98AF46AB20F751D900EBE65A /* ModelController.swift in Sources */ = {isa = PBXBuildFile; fileRef = 98AF46AA20F751D900EBE65A /* ModelController.swift */; };
		98AF46AE20F751D900EBE65A /* Main.storyboard in Resources */ = {isa = PBXBuildFile; fileRef = 98AF46AC20F751D900EBE65A /* Main.storyboard */; };
		98AF46B020F751DA00EBE65A /* Assets.xcassets in Resources */ = {isa = PBXBuildFile; fileRef = 98AF46AF20F751DA00EBE65A /* Assets.xcassets */; };
		98AF46B320F751DA00EBE65A /* LaunchScreen.storyboard in Resources */ = {isa = PBXBuildFile; fileRef = 98AF46B120F751DA00EBE65A /* LaunchScreen.storyboard */; };
/* End PBXBuildFile section */

/* Begin PBXFileReference section */
		98AF46A120F751D900EBE65A /* PageNavigationSample.app */ = {isa = PBXFileReference; explicitFileType = wrapper.application; includeInIndex = 0; path = PageNavigationSample.app; sourceTree = BUILT_PRODUCTS_DIR; };
		98AF46A420F751D900EBE65A /* AppDelegate.swift */ = {isa = PBXFileReference; lastKnownFileType = sourcecode.swift; path = AppDelegate.swift; sourceTree = "<group>"; };
		98AF46A620F751D900EBE65A /* RootViewController.swift */ = {isa = PBXFileReference; lastKnownFileType = sourcecode.swift; path = RootViewController.swift; sourceTree = "<group>"; };
		98AF46A820F751D900EBE65A /* DataViewController.swift */ = {isa = PBXFileReference; lastKnownFileType = sourcecode.swift; path = DataViewController.swift; sourceTree = "<group>"; };
		98AF46AA20F751D900EBE65A /* ModelController.swift */ = {isa = PBXFileReference; lastKnownFileType = sourcecode.swift; path = ModelController.swift; sourceTree = "<group>"; };
		98AF46AD20F751D900EBE65A /* Base */ = {isa = PBXFileReference; lastKnownFileType = file.storyboard; name = Base; path = Base.lproj/Main.storyboard; sourceTree = "<group>"; };
		98AF46AF20F751DA00EBE65A /* Assets.xcassets */ = {isa = PBXFileReference; lastKnownFileType = folder.assetcatalog; path = Assets.xcassets; sourceTree = "<group>"; };
		98AF46B220F751DA00EBE65A /* Base */ = {isa = PBXFileReference; lastKnownFileType = file.storyboard; name = Base; path = Base.lproj/LaunchScreen.storyboard; sourceTree = "<group>"; };
		98AF46B420F751DA00EBE65A /* Info.plist */ = {isa = PBXFileReference; lastKnownFileType = text.plist.xml; path = Info.plist; sourceTree = "<group>"; };
/* End PBXFileReference section */

/* Begin PBXFrameworksBuildPhase section */
		98AF469E20F751D900EBE65A /* Frameworks */ = {
			isa = PBXFrameworksBuildPhase;
			buildActionMask = 2147483647;
			files = (
			);
			runOnlyForDeploymentPostprocessing = 0;
		};
/* End PBXFrameworksBuildPhase section */

/* Begin PBXGroup section */
		98AF469820F751D900EBE65A = {
			isa = PBXGroup;
			children = (
				98AF46A320F751D900EBE65A /* PageNavigationSample */,
				98AF46A220F751D900EBE65A /* Products */,
			);
			sourceTree = "<group>";
		};
		98AF46A220F751D900EBE65A /* Products */ = {
			isa = PBXGroup;
			children = (
				98AF46A120F751D900EBE65A /* PageNavigationSample.app */,
			);
			name = Products;
			sourceTree = "<group>";
		};
		98AF46A320F751D900EBE65A /* PageNavigationSample */ = {
			isa = PBXGroup;
			children = (
				98AF46A420F751D900EBE65A /* AppDelegate.swift */,
				98AF46A620F751D900EBE65A /* RootViewController.swift */,
				98AF46A820F751D900EBE65A /* DataViewController.swift */,
				98AF46AA20F751D900EBE65A /* ModelController.swift */,
				98AF46AC20F751D900EBE65A /* Main.storyboard */,
				98AF46AF20F751DA00EBE65A /* Assets.xcassets */,
				98AF46B120F751DA00EBE65A /* LaunchScreen.storyboard */,
				98AF46B420F751DA00EBE65A /* Info.plist */,
			);
			path = PageNavigationSample;
			sourceTree = "<group>";
		};
/* End PBXGroup section */

/* Begin PBXNativeTarget section */
		98AF46A020F751D900EBE65A /* PageNavigationSample */ = {
			isa = PBXNativeTarget;
			buildConfigurationList = 98AF46B720F751DA00EBE65A /* Build configuration list for PBXNativeTarget "PageNavigationSample" */;
			buildPhases = (
				98AF469D20F751D900EBE65A /* Sources */,
				98AF469E20F751D900EBE65A /* Frameworks */,
				98AF469F20F751D900EBE65A /* Resources */,
			);
			buildRules = (
			);
			dependencies = (
			);
			name = PageNavigationSample;
			productName = PageNavigationSample;
			productReference = 98AF46A120F751D900EBE65A /* PageNavigationSample.app */;
			productType = "com.apple.product-type.application";
		};
/* End PBXNativeTarget section */

/* Begin PBXProject section */
		98AF469920F751D900EBE65A /* Project object */ = {
			isa = PBXProject;
			attributes = {
				LastSwiftUpdateCheck = 0940;
				LastUpgradeCheck = 0940;
				ORGANIZATIONNAME = wangjue;
				TargetAttributes = {
					98AF46A020F751D900EBE65A = {
						CreatedOnToolsVersion = 9.4.1;
					};
				};
			};
			buildConfigurationList = 98AF469C20F751D900EBE65A /* Build configuration list for PBXProject "PageNavigationSample" */;
			compatibilityVersion = "Xcode 9.3";
			developmentRegion = en;
			hasScannedForEncodings = 0;
			knownRegions = (
				en,
				Base,
			);
			mainGroup = 98AF469820F751D900EBE65A;
			productRefGroup = 98AF46A220F751D900EBE65A /* Products */;
			projectDirPath = "";
			projectRoot = "";
			targets = (
				98AF46A020F751D900EBE65A /* PageNavigationSample */,
			);
		};
/* End PBXProject section */

/* Begin PBXResourcesBuildPhase section */
		98AF469F20F751D900EBE65A /* Resources */ = {
			isa = PBXResourcesBuildPhase;
			buildActionMask = 2147483647;
			files = (
				98AF46B320F751DA00EBE65A /* LaunchScreen.storyboard in Resources */,
				98AF46B020F751DA00EBE65A /* Assets.xcassets in Resources */,
				98AF46AE20F751D900EBE65A /* Main.storyboard in Resources */,
			);
			runOnlyForDeploymentPostprocessing = 0;
		};
/* End PBXResourcesBuildPhase section */

/* Begin PBXSourcesBuildPhase section */
		98AF469D20F751D900EBE65A /* Sources */ = {
			isa = PBXSourcesBuildPhase;
			buildActionMask = 2147483647;
			files = (
				98AF46A720F751D900EBE65A /* RootViewController.swift in Sources */,
				98AF46AB20F751D900EBE65A /* ModelController.swift in Sources */,
				98AF46A920F751D900EBE65A /* DataViewController.swift in Sources */,
				98AF46A520F751D900EBE65A /* AppDelegate.swift in Sources */,
			);
			runOnlyForDeploymentPostprocessing = 0;
		};
/* End PBXSourcesBuildPhase section */

/* Begin PBXVariantGroup section */
		98AF46AC20F751D900EBE65A /* Main.storyboard */ = {
			isa = PBXVariantGroup;
			children = (
				98AF46AD20F751D900EBE65A /* Base */,
			);
			name = Main.storyboard;
			sourceTree = "<group>";
		};
		98AF46B120F751DA00EBE65A /* LaunchScreen.storyboard */ = {
			isa = PBXVariantGroup;
			children = (
				98AF46B220F751DA00EBE65A /* Base */,
			);
			name = LaunchScreen.storyboard;
			sourceTree = "<group>";
		};
/* End PBXVariantGroup section */

/* Begin XCBuildConfiguration section */
		98AF46B520F751DA00EBE65A /* Debug */ = {
			isa = XCBuildConfiguration;
			buildSettings = {
				ALWAYS_SEARCH_USER_PATHS = NO;
				CLANG_ANALYZER_NONNULL = YES;
				CLANG_ANALYZER_NUMBER_OBJECT_CONVERSION = YES_AGGRESSIVE;
				CLANG_CXX_LANGUAGE_STANDARD = "gnu++14";
				CLANG_CXX_LIBRARY = "libc++";
				CLANG_ENABLE_MODULES = YES;
				CLANG_ENABLE_OBJC_ARC = YES;
				CLANG_ENABLE_OBJC_WEAK = YES;
				CLANG_WARN_BLOCK_CAPTURE_AUTORELEASING = YES;
				CLANG_WARN_BOOL_CONVERSION = YES;
				CLANG_WARN_COMMA = YES;
				CLANG_WARN_CONSTANT_CONVERSION = YES;
				CLANG_WARN_DEPRECATED_OBJC_IMPLEMENTATIONS = YES;
				CLANG_WARN_DIRECT_OBJC_ISA_USAGE = YES_ERROR;
				CLANG_WARN_DOCUMENTATION_COMMENTS = YES;
				CLANG_WARN_EMPTY_BODY = YES;
				CLANG_WARN_ENUM_CONVERSION = YES;
				CLANG_WARN_INFINITE_RECURSION = YES;
				CLANG_WARN_INT_CONVERSION = YES;
				CLANG_WARN_NON_LITERAL_NULL_CONVERSION = YES;
				CLANG_WARN_OBJC_IMPLICIT_RETAIN_SELF = YES;
				CLANG_WARN_OBJC_LITERAL_CONVERSION = YES;
				CLANG_WARN_OBJC_ROOT_CLASS = YES_ERROR;
				CLANG_WARN_RANGE_LOOP_ANALYSIS = YES;
				CLANG_WARN_STRICT_PROTOTYPES = YES;
				CLANG_WARN_SUSPICIOUS_MOVE = YES;
				CLANG_WARN_UNGUARDED_AVAILABILITY = YES_AGGRESSIVE;
				CLANG_WARN_UNREACHABLE_CODE = YES;
				CLANG_WARN__DUPLICATE_METHOD_MATCH = YES;
				CODE_SIGN_IDENTITY = "iPhone Developer";
				COPY_PHASE_STRIP = NO;
				DEBUG_INFORMATION_FORMAT = dwarf;
				ENABLE_STRICT_OBJC_MSGSEND = YES;
				ENABLE_TESTABILITY = YES;
				GCC_C_LANGUAGE_STANDARD = gnu11;
				GCC_DYNAMIC_NO_PIC = NO;
				GCC_NO_COMMON_BLOCKS = YES;
				GCC_OPTIMIZATION_LEVEL = 0;
				GCC_PREPROCESSOR_DEFINITIONS = (
					"DEBUG=1",
					"$(inherited)",
				);
				GCC_WARN_64_TO_32_BIT_CONVERSION = YES;
				GCC_WARN_ABOUT_RETURN_TYPE = YES_ERROR;
				GCC_WARN_UNDECLARED_SELECTOR = YES;
				GCC_WARN_UNINITIALIZED_AUTOS = YES_AGGRESSIVE;
				GCC_WARN_UNUSED_FUNCTION = YES;
				GCC_WARN_UNUSED_VARIABLE = YES;
				IPHONEOS_DEPLOYMENT_TARGET = 11.4;
				MTL_ENABLE_DEBUG_INFO = YES;
				ONLY_ACTIVE_ARCH = YES;
				SDKROOT = iphoneos;
				SWIFT_ACTIVE_COMPILATION_CONDITIONS = DEBUG;
				SWIFT_OPTIMIZATION_LEVEL = "-Onone";
			};
			name = Debug;
		};
		98AF46B620F751DA00EBE65A /* Release */ = {
			isa = XCBuildConfiguration;
			buildSettings = {
				ALWAYS_SEARCH_USER_PATHS = NO;
				CLANG_ANALYZER_NONNULL = YES;
				CLANG_ANALYZER_NUMBER_OBJECT_CONVERSION = YES_AGGRESSIVE;
				CLANG_CXX_LANGUAGE_STANDARD = "gnu++14";
				CLANG_CXX_LIBRARY = "libc++";
				CLANG_ENABLE_MODULES = YES;
				CLANG_ENABLE_OBJC_ARC = YES;
				CLANG_ENABLE_OBJC_WEAK = YES;
				CLANG_WARN_BLOCK_CAPTURE_AUTORELEASING = YES;
				CLANG_WARN_BOOL_CONVERSION = YES;
				CLANG_WARN_COMMA = YES;
				CLANG_WARN_CONSTANT_CONVERSION = YES;
				CLANG_WARN_DEPRECATED_OBJC_IMPLEMENTATIONS = YES;
				CLANG_WARN_DIRECT_OBJC_ISA_USAGE = YES_ERROR;
				CLANG_WARN_DOCUMENTATION_COMMENTS = YES;
				CLANG_WARN_EMPTY_BODY = YES;
				CLANG_WARN_ENUM_CONVERSION = YES;
				CLANG_WARN_INFINITE_RECURSION = YES;
				CLANG_WARN_INT_CONVERSION = YES;
				CLANG_WARN_NON_LITERAL_NULL_CONVERSION = YES;
				CLANG_WARN_OBJC_IMPLICIT_RETAIN_SELF = YES;
				CLANG_WARN_OBJC_LITERAL_CONVERSION = YES;
				CLANG_WARN_OBJC_ROOT_CLASS = YES_ERROR;
				CLANG_WARN_RANGE_LOOP_ANALYSIS = YES;
				CLANG_WARN_STRICT_PROTOTYPES = YES;
				CLANG_WARN_SUSPICIOUS_MOVE = YES;
				CLANG_WARN_UNGUARDED_AVAILABILITY = YES_AGGRESSIVE;
				CLANG_WARN_UNREACHABLE_CODE = YES;
				CLANG_WARN__DUPLICATE_METHOD_MATCH = YES;
				CODE_SIGN_IDENTITY = "iPhone Developer";
				COPY_PHASE_STRIP = NO;
				DEBUG_INFORMATION_FORMAT = "dwarf-with-dsym";
				ENABLE_NS_ASSERTIONS = NO;
				ENABLE_STRICT_OBJC_MSGSEND = YES;
				GCC_C_LANGUAGE_STANDARD = gnu11;
				GCC_NO_COMMON_BLOCKS = YES;
				GCC_WARN_64_TO_32_BIT_CONVERSION = YES;
				GCC_WARN_ABOUT_RETURN_TYPE = YES_ERROR;
				GCC_WARN_UNDECLARED_SELECTOR = YES;
				GCC_WARN_UNINITIALIZED_AUTOS = YES_AGGRESSIVE;
				GCC_WARN_UNUSED_FUNCTION = YES;
				GCC_WARN_UNUSED_VARIABLE = YES;
				IPHONEOS_DEPLOYMENT_TARGET = 11.4;
				MTL_ENABLE_DEBUG_INFO = NO;
				SDKROOT = iphoneos;
				SWIFT_COMPILATION_MODE = wholemodule;
				SWIFT_OPTIMIZATION_LEVEL = "-O";
				VALIDATE_PRODUCT = YES;
			};
			name = Release;
		};
		98AF46B820F751DA00EBE65A /* Debug */ = {
			isa = XCBuildConfiguration;
			buildSettings = {
				ASSETCATALOG_COMPILER_APPICON_NAME = AppIcon;
				CODE_SIGN_STYLE = Automatic;
				DEVELOPMENT_TEAM = GVN682F3UK;
				INFOPLIST_FILE = PageNavigationSample/Info.plist;
				LD_RUNPATH_SEARCH_PATHS = (
					"$(inherited)",
					"@executable_path/Frameworks",
				);
				PRODUCT_BUNDLE_IDENTIFIER = www.wangjue.PageNavigationSample;
				PRODUCT_NAME = "$(TARGET_NAME)";
				SWIFT_VERSION = 4.0;
				TARGETED_DEVICE_FAMILY = "1,2";
			};
			name = Debug;
		};
		98AF46B920F751DA00EBE65A /* Release */ = {
			isa = XCBuildConfiguration;
			buildSettings = {
				ASSETCATALOG_COMPILER_APPICON_NAME = AppIcon;
				CODE_SIGN_STYLE = Automatic;
				DEVELOPMENT_TEAM = GVN682F3UK;
				INFOPLIST_FILE = PageNavigationSample/Info.plist;
				LD_RUNPATH_SEARCH_PATHS = (
					"$(inherited)",
					"@executable_path/Frameworks",
				);
				PRODUCT_BUNDLE_IDENTIFIER = www.wangjue.PageNavigationSample;
				PRODUCT_NAME = "$(TARGET_NAME)";
				SWIFT_VERSION = 4.0;
				TARGETED_DEVICE_FAMILY = "1,2";
			};
			name = Release;
		};
/* End XCBuildConfiguration section */

/* Begin XCConfigurationList section */
		98AF469C20F751D900EBE65A /* Build configuration list for PBXProject "PageNavigationSample" */ = {
			isa = XCConfigurationList;
			buildConfigurations = (
				98AF46B520F751DA00EBE65A /* Debug */,
				98AF46B620F751DA00EBE65A /* Release */,
			);
			defaultConfigurationIsVisible = 0;
			defaultConfigurationName = Release;
		};
		98AF46B720F751DA00EBE65A /* Build configuration list for PBXNativeTarget "PageNavigationSample" */ = {
			isa = XCConfigurationList;
			buildConfigurations = (
				98AF46B820F751DA00EBE65A /* Debug */,
				98AF46B920F751DA00EBE65A /* Release */,
			);
			defaultConfigurationIsVisible = 0;
			defaultConfigurationName = Release;
		};
/* End XCConfigurationList section */
	};
	rootObject = 98AF469920F751D900EBE65A /* Project object */;
}
