// !$*UTF8*$!
{
	archiveVersion = 1;
	classes = {
	};
	objectVersion = 50;
	objects = {

/* Begin PBXBuildFile section */
		985035E020EA142000356369 /* AppDelegate.swift in Sources */ = {isa = PBXBuildFile; fileRef = 985035DF20EA142000356369 /* AppDelegate.swift */; };
		985035E220EA142000356369 /* ViewController.swift in Sources */ = {isa = PBXBuildFile; fileRef = 985035E120EA142000356369 /* ViewController.swift */; };
		985035E520EA142000356369 /* Main.storyboard in Resources */ = {isa = PBXBuildFile; fileRef = 985035E320EA142000356369 /* Main.storyboard */; };
		985035E720EA142000356369 /* Assets.xcassets in Resources */ = {isa = PBXBuildFile; fileRef = 985035E620EA142000356369 /* Assets.xcassets */; };
		985035EA20EA142000356369 /* LaunchScreen.storyboard in Resources */ = {isa = PBXBuildFile; fileRef = 985035E820EA142000356369 /* LaunchScreen.storyboard */; };
		985035F220EA14F800356369 /* CustomCell.swift in Sources */ = {isa = PBXBuildFile; fileRef = 985035F120EA14F800356369 /* CustomCell.swift */; };
		985035F420EA157300356369 /* team.plist in Resources */ = {isa = PBXBuildFile; fileRef = 985035F320EA157300356369 /* team.plist */; };
		9850361620EA157C00356369 /* a1.png in Resources */ = {isa = PBXBuildFile; fileRef = 985035F620EA157C00356369 /* a1.png */; };
		9850361720EA157C00356369 /* a2.png in Resources */ = {isa = PBXBuildFile; fileRef = 985035F720EA157C00356369 /* a2.png */; };
		9850361820EA157C00356369 /* a3.png in Resources */ = {isa = PBXBuildFile; fileRef = 985035F820EA157C00356369 /* a3.png */; };
		9850361920EA157C00356369 /* a4.png in Resources */ = {isa = PBXBuildFile; fileRef = 985035F920EA157C00356369 /* a4.png */; };
		9850361A20EA157C00356369 /* b1.png in Resources */ = {isa = PBXBuildFile; fileRef = 985035FA20EA157C00356369 /* b1.png */; };
		9850361B20EA157C00356369 /* b2.png in Resources */ = {isa = PBXBuildFile; fileRef = 985035FB20EA157C00356369 /* b2.png */; };
		9850361C20EA157C00356369 /* b3.png in Resources */ = {isa = PBXBuildFile; fileRef = 985035FC20EA157C00356369 /* b3.png */; };
		9850361D20EA157C00356369 /* b4.png in Resources */ = {isa = PBXBuildFile; fileRef = 985035FD20EA157C00356369 /* b4.png */; };
		9850361E20EA157C00356369 /* c1.png in Resources */ = {isa = PBXBuildFile; fileRef = 985035FE20EA157C00356369 /* c1.png */; };
		9850361F20EA157C00356369 /* c2.png in Resources */ = {isa = PBXBuildFile; fileRef = 985035FF20EA157C00356369 /* c2.png */; };
		9850362020EA157C00356369 /* c3.png in Resources */ = {isa = PBXBuildFile; fileRef = 9850360020EA157C00356369 /* c3.png */; };
		9850362120EA157C00356369 /* c4.png in Resources */ = {isa = PBXBuildFile; fileRef = 9850360120EA157C00356369 /* c4.png */; };
		9850362220EA157C00356369 /* d1.png in Resources */ = {isa = PBXBuildFile; fileRef = 9850360220EA157C00356369 /* d1.png */; };
		9850362320EA157C00356369 /* d2.png in Resources */ = {isa = PBXBuildFile; fileRef = 9850360320EA157C00356369 /* d2.png */; };
		9850362420EA157C00356369 /* d3.png in Resources */ = {isa = PBXBuildFile; fileRef = 9850360420EA157C00356369 /* d3.png */; };
		9850362520EA157C00356369 /* d4.png in Resources */ = {isa = PBXBuildFile; fileRef = 9850360520EA157C00356369 /* d4.png */; };
		9850362620EA157C00356369 /* e1.png in Resources */ = {isa = PBXBuildFile; fileRef = 9850360620EA157C00356369 /* e1.png */; };
		9850362720EA157C00356369 /* e2.png in Resources */ = {isa = PBXBuildFile; fileRef = 9850360720EA157C00356369 /* e2.png */; };
		9850362820EA157C00356369 /* e3.png in Resources */ = {isa = PBXBuildFile; fileRef = 9850360820EA157C00356369 /* e3.png */; };
		9850362920EA157C00356369 /* e4.png in Resources */ = {isa = PBXBuildFile; fileRef = 9850360920EA157C00356369 /* e4.png */; };
		9850362A20EA157C00356369 /* f1.png in Resources */ = {isa = PBXBuildFile; fileRef = 9850360A20EA157C00356369 /* f1.png */; };
		9850362B20EA157C00356369 /* f2.png in Resources */ = {isa = PBXBuildFile; fileRef = 9850360B20EA157C00356369 /* f2.png */; };
		9850362C20EA157C00356369 /* f3.png in Resources */ = {isa = PBXBuildFile; fileRef = 9850360C20EA157C00356369 /* f3.png */; };
		9850362D20EA157C00356369 /* f4.png in Resources */ = {isa = PBXBuildFile; fileRef = 9850360D20EA157C00356369 /* f4.png */; };
		9850362E20EA157C00356369 /* g1.png in Resources */ = {isa = PBXBuildFile; fileRef = 9850360E20EA157C00356369 /* g1.png */; };
		9850362F20EA157C00356369 /* g2.png in Resources */ = {isa = PBXBuildFile; fileRef = 9850360F20EA157C00356369 /* g2.png */; };
		9850363020EA157C00356369 /* g3.png in Resources */ = {isa = PBXBuildFile; fileRef = 9850361020EA157C00356369 /* g3.png */; };
		9850363120EA157C00356369 /* g4.png in Resources */ = {isa = PBXBuildFile; fileRef = 9850361120EA157C00356369 /* g4.png */; };
		9850363220EA157C00356369 /* h1.png in Resources */ = {isa = PBXBuildFile; fileRef = 9850361220EA157C00356369 /* h1.png */; };
		9850363320EA157C00356369 /* h2.png in Resources */ = {isa = PBXBuildFile; fileRef = 9850361320EA157C00356369 /* h2.png */; };
		9850363420EA157C00356369 /* h3.png in Resources */ = {isa = PBXBuildFile; fileRef = 9850361420EA157C00356369 /* h3.png */; };
		9850363520EA157C00356369 /* h4.png in Resources */ = {isa = PBXBuildFile; fileRef = 9850361520EA157C00356369 /* h4.png */; };
/* End PBXBuildFile section */

/* Begin PBXFileReference section */
		985035DC20EA142000356369 /* CustomCell.app */ = {isa = PBXFileReference; explicitFileType = wrapper.application; includeInIndex = 0; path = CustomCell.app; sourceTree = BUILT_PRODUCTS_DIR; };
		985035DF20EA142000356369 /* AppDelegate.swift */ = {isa = PBXFileReference; lastKnownFileType = sourcecode.swift; path = AppDelegate.swift; sourceTree = "<group>"; };
		985035E120EA142000356369 /* ViewController.swift */ = {isa = PBXFileReference; lastKnownFileType = sourcecode.swift; path = ViewController.swift; sourceTree = "<group>"; };
		985035E420EA142000356369 /* Base */ = {isa = PBXFileReference; lastKnownFileType = file.storyboard; name = Base; path = Base.lproj/Main.storyboard; sourceTree = "<group>"; };
		985035E620EA142000356369 /* Assets.xcassets */ = {isa = PBXFileReference; lastKnownFileType = folder.assetcatalog; path = Assets.xcassets; sourceTree = "<group>"; };
		985035E920EA142000356369 /* Base */ = {isa = PBXFileReference; lastKnownFileType = file.storyboard; name = Base; path = Base.lproj/LaunchScreen.storyboard; sourceTree = "<group>"; };
		985035EB20EA142000356369 /* Info.plist */ = {isa = PBXFileReference; lastKnownFileType = text.plist.xml; path = Info.plist; sourceTree = "<group>"; };
		985035F120EA14F800356369 /* CustomCell.swift */ = {isa = PBXFileReference; lastKnownFileType = sourcecode.swift; path = CustomCell.swift; sourceTree = "<group>"; };
		985035F320EA157300356369 /* team.plist */ = {isa = PBXFileReference; fileEncoding = 4; lastKnownFileType = text.plist.xml; name = team.plist; path = ../../team.plist; sourceTree = "<group>"; };
		985035F620EA157C00356369 /* a1.png */ = {isa = PBXFileReference; lastKnownFileType = image.png; path = a1.png; sourceTree = "<group>"; };
		985035F720EA157C00356369 /* a2.png */ = {isa = PBXFileReference; lastKnownFileType = image.png; path = a2.png; sourceTree = "<group>"; };
		985035F820EA157C00356369 /* a3.png */ = {isa = PBXFileReference; lastKnownFileType = image.png; path = a3.png; sourceTree = "<group>"; };
		985035F920EA157C00356369 /* a4.png */ = {isa = PBXFileReference; lastKnownFileType = image.png; path = a4.png; sourceTree = "<group>"; };
		985035FA20EA157C00356369 /* b1.png */ = {isa = PBXFileReference; lastKnownFileType = image.png; path = b1.png; sourceTree = "<group>"; };
		985035FB20EA157C00356369 /* b2.png */ = {isa = PBXFileReference; lastKnownFileType = image.png; path = b2.png; sourceTree = "<group>"; };
		985035FC20EA157C00356369 /* b3.png */ = {isa = PBXFileReference; lastKnownFileType = image.png; path = b3.png; sourceTree = "<group>"; };
		985035FD20EA157C00356369 /* b4.png */ = {isa = PBXFileReference; lastKnownFileType = image.png; path = b4.png; sourceTree = "<group>"; };
		985035FE20EA157C00356369 /* c1.png */ = {isa = PBXFileReference; lastKnownFileType = image.png; path = c1.png; sourceTree = "<group>"; };
		985035FF20EA157C00356369 /* c2.png */ = {isa = PBXFileReference; lastKnownFileType = image.png; path = c2.png; sourceTree = "<group>"; };
		9850360020EA157C00356369 /* c3.png */ = {isa = PBXFileReference; lastKnownFileType = image.png; path = c3.png; sourceTree = "<group>"; };
		9850360120EA157C00356369 /* c4.png */ = {isa = PBXFileReference; lastKnownFileType = image.png; path = c4.png; sourceTree = "<group>"; };
		9850360220EA157C00356369 /* d1.png */ = {isa = PBXFileReference; lastKnownFileType = image.png; path = d1.png; sourceTree = "<group>"; };
		9850360320EA157C00356369 /* d2.png */ = {isa = PBXFileReference; lastKnownFileType = image.png; path = d2.png; sourceTree = "<group>"; };
		9850360420EA157C00356369 /* d3.png */ = {isa = PBXFileReference; lastKnownFileType = image.png; path = d3.png; sourceTree = "<group>"; };
		9850360520EA157C00356369 /* d4.png */ = {isa = PBXFileReference; lastKnownFileType = image.png; path = d4.png; sourceTree = "<group>"; };
		9850360620EA157C00356369 /* e1.png */ = {isa = PBXFileReference; lastKnownFileType = image.png; path = e1.png; sourceTree = "<group>"; };
		9850360720EA157C00356369 /* e2.png */ = {isa = PBXFileReference; lastKnownFileType = image.png; path = e2.png; sourceTree = "<group>"; };
		9850360820EA157C00356369 /* e3.png */ = {isa = PBXFileReference; lastKnownFileType = image.png; path = e3.png; sourceTree = "<group>"; };
		9850360920EA157C00356369 /* e4.png */ = {isa = PBXFileReference; lastKnownFileType = image.png; path = e4.png; sourceTree = "<group>"; };
		9850360A20EA157C00356369 /* f1.png */ = {isa = PBXFileReference; lastKnownFileType = image.png; path = f1.png; sourceTree = "<group>"; };
		9850360B20EA157C00356369 /* f2.png */ = {isa = PBXFileReference; lastKnownFileType = image.png; path = f2.png; sourceTree = "<group>"; };
		9850360C20EA157C00356369 /* f3.png */ = {isa = PBXFileReference; lastKnownFileType = image.png; path = f3.png; sourceTree = "<group>"; };
		9850360D20EA157C00356369 /* f4.png */ = {isa = PBXFileReference; lastKnownFileType = image.png; path = f4.png; sourceTree = "<group>"; };
		9850360E20EA157C00356369 /* g1.png */ = {isa = PBXFileReference; lastKnownFileType = image.png; path = g1.png; sourceTree = "<group>"; };
		9850360F20EA157C00356369 /* g2.png */ = {isa = PBXFileReference; lastKnownFileType = image.png; path = g2.png; sourceTree = "<group>"; };
		9850361020EA157C00356369 /* g3.png */ = {isa = PBXFileReference; lastKnownFileType = image.png; path = g3.png; sourceTree = "<group>"; };
		9850361120EA157C00356369 /* g4.png */ = {isa = PBXFileReference; lastKnownFileType = image.png; path = g4.png; sourceTree = "<group>"; };
		9850361220EA157C00356369 /* h1.png */ = {isa = PBXFileReference; lastKnownFileType = image.png; path = h1.png; sourceTree = "<group>"; };
		9850361320EA157C00356369 /* h2.png */ = {isa = PBXFileReference; lastKnownFileType = image.png; path = h2.png; sourceTree = "<group>"; };
		9850361420EA157C00356369 /* h3.png */ = {isa = PBXFileReference; lastKnownFileType = image.png; path = h3.png; sourceTree = "<group>"; };
		9850361520EA157C00356369 /* h4.png */ = {isa = PBXFileReference; lastKnownFileType = image.png; path = h4.png; sourceTree = "<group>"; };
/* End PBXFileReference section */

/* Begin PBXFrameworksBuildPhase section */
		985035D920EA142000356369 /* Frameworks */ = {
			isa = PBXFrameworksBuildPhase;
			buildActionMask = 2147483647;
			files = (
			);
			runOnlyForDeploymentPostprocessing = 0;
		};
/* End PBXFrameworksBuildPhase section */

/* Begin PBXGroup section */
		985035D320EA142000356369 = {
			isa = PBXGroup;
			children = (
				985035DE20EA142000356369 /* CustomCell */,
				985035DD20EA142000356369 /* Products */,
			);
			sourceTree = "<group>";
		};
		985035DD20EA142000356369 /* Products */ = {
			isa = PBXGroup;
			children = (
				985035DC20EA142000356369 /* CustomCell.app */,
			);
			name = Products;
			sourceTree = "<group>";
		};
		985035DE20EA142000356369 /* CustomCell */ = {
			isa = PBXGroup;
			children = (
				985035F520EA157C00356369 /* worldcup */,
				985035F320EA157300356369 /* team.plist */,
				985035DF20EA142000356369 /* AppDelegate.swift */,
				985035E120EA142000356369 /* ViewController.swift */,
				985035E320EA142000356369 /* Main.storyboard */,
				985035E620EA142000356369 /* Assets.xcassets */,
				985035E820EA142000356369 /* LaunchScreen.storyboard */,
				985035EB20EA142000356369 /* Info.plist */,
				985035F120EA14F800356369 /* CustomCell.swift */,
			);
			path = CustomCell;
			sourceTree = "<group>";
		};
		985035F520EA157C00356369 /* worldcup */ = {
			isa = PBXGroup;
			children = (
				985035F620EA157C00356369 /* a1.png */,
				985035F720EA157C00356369 /* a2.png */,
				985035F820EA157C00356369 /* a3.png */,
				985035F920EA157C00356369 /* a4.png */,
				985035FA20EA157C00356369 /* b1.png */,
				985035FB20EA157C00356369 /* b2.png */,
				985035FC20EA157C00356369 /* b3.png */,
				985035FD20EA157C00356369 /* b4.png */,
				985035FE20EA157C00356369 /* c1.png */,
				985035FF20EA157C00356369 /* c2.png */,
				9850360020EA157C00356369 /* c3.png */,
				9850360120EA157C00356369 /* c4.png */,
				9850360220EA157C00356369 /* d1.png */,
				9850360320EA157C00356369 /* d2.png */,
				9850360420EA157C00356369 /* d3.png */,
				9850360520EA157C00356369 /* d4.png */,
				9850360620EA157C00356369 /* e1.png */,
				9850360720EA157C00356369 /* e2.png */,
				9850360820EA157C00356369 /* e3.png */,
				9850360920EA157C00356369 /* e4.png */,
				9850360A20EA157C00356369 /* f1.png */,
				9850360B20EA157C00356369 /* f2.png */,
				9850360C20EA157C00356369 /* f3.png */,
				9850360D20EA157C00356369 /* f4.png */,
				9850360E20EA157C00356369 /* g1.png */,
				9850360F20EA157C00356369 /* g2.png */,
				9850361020EA157C00356369 /* g3.png */,
				9850361120EA157C00356369 /* g4.png */,
				9850361220EA157C00356369 /* h1.png */,
				9850361320EA157C00356369 /* h2.png */,
				9850361420EA157C00356369 /* h3.png */,
				9850361520EA157C00356369 /* h4.png */,
			);
			path = worldcup;
			sourceTree = "<group>";
		};
/* End PBXGroup section */

/* Begin PBXNativeTarget section */
		985035DB20EA142000356369 /* CustomCell */ = {
			isa = PBXNativeTarget;
			buildConfigurationList = 985035EE20EA142000356369 /* Build configuration list for PBXNativeTarget "CustomCell" */;
			buildPhases = (
				985035D820EA142000356369 /* Sources */,
				985035D920EA142000356369 /* Frameworks */,
				985035DA20EA142000356369 /* Resources */,
			);
			buildRules = (
			);
			dependencies = (
			);
			name = CustomCell;
			productName = CustomCell;
			productReference = 985035DC20EA142000356369 /* CustomCell.app */;
			productType = "com.apple.product-type.application";
		};
/* End PBXNativeTarget section */

/* Begin PBXProject section */
		985035D420EA142000356369 /* Project object */ = {
			isa = PBXProject;
			attributes = {
				LastSwiftUpdateCheck = 0940;
				LastUpgradeCheck = 0940;
				ORGANIZATIONNAME = wangjue;
				TargetAttributes = {
					985035DB20EA142000356369 = {
						CreatedOnToolsVersion = 9.4.1;
					};
				};
			};
			buildConfigurationList = 985035D720EA142000356369 /* Build configuration list for PBXProject "CustomCell" */;
			compatibilityVersion = "Xcode 9.3";
			developmentRegion = en;
			hasScannedForEncodings = 0;
			knownRegions = (
				en,
				Base,
			);
			mainGroup = 985035D320EA142000356369;
			productRefGroup = 985035DD20EA142000356369 /* Products */;
			projectDirPath = "";
			projectRoot = "";
			targets = (
				985035DB20EA142000356369 /* CustomCell */,
			);
		};
/* End PBXProject section */

/* Begin PBXResourcesBuildPhase section */
		985035DA20EA142000356369 /* Resources */ = {
			isa = PBXResourcesBuildPhase;
			buildActionMask = 2147483647;
			files = (
				9850363420EA157C00356369 /* h3.png in Resources */,
				9850362F20EA157C00356369 /* g2.png in Resources */,
				9850362720EA157C00356369 /* e2.png in Resources */,
				9850362120EA157C00356369 /* c4.png in Resources */,
				9850362E20EA157C00356369 /* g1.png in Resources */,
				9850363520EA157C00356369 /* h4.png in Resources */,
				9850362920EA157C00356369 /* e4.png in Resources */,
				9850361E20EA157C00356369 /* c1.png in Resources */,
				9850362620EA157C00356369 /* e1.png in Resources */,
				9850362A20EA157C00356369 /* f1.png in Resources */,
				9850361C20EA157C00356369 /* b3.png in Resources */,
				9850361820EA157C00356369 /* a3.png in Resources */,
				9850361720EA157C00356369 /* a2.png in Resources */,
				9850363220EA157C00356369 /* h1.png in Resources */,
				9850363020EA157C00356369 /* g3.png in Resources */,
				9850362520EA157C00356369 /* d4.png in Resources */,
				9850361A20EA157C00356369 /* b1.png in Resources */,
				9850361620EA157C00356369 /* a1.png in Resources */,
				9850362220EA157C00356369 /* d1.png in Resources */,
				9850363320EA157C00356369 /* h2.png in Resources */,
				9850362B20EA157C00356369 /* f2.png in Resources */,
				985035EA20EA142000356369 /* LaunchScreen.storyboard in Resources */,
				9850362320EA157C00356369 /* d2.png in Resources */,
				9850362C20EA157C00356369 /* f3.png in Resources */,
				9850363120EA157C00356369 /* g4.png in Resources */,
				9850361B20EA157C00356369 /* b2.png in Resources */,
				9850361F20EA157C00356369 /* c2.png in Resources */,
				985035E720EA142000356369 /* Assets.xcassets in Resources */,
				9850362020EA157C00356369 /* c3.png in Resources */,
				985035E520EA142000356369 /* Main.storyboard in Resources */,
				9850362820EA157C00356369 /* e3.png in Resources */,
				9850361920EA157C00356369 /* a4.png in Resources */,
				985035F420EA157300356369 /* team.plist in Resources */,
				9850362420EA157C00356369 /* d3.png in Resources */,
				9850361D20EA157C00356369 /* b4.png in Resources */,
				9850362D20EA157C00356369 /* f4.png in Resources */,
			);
			runOnlyForDeploymentPostprocessing = 0;
		};
/* End PBXResourcesBuildPhase section */

/* Begin PBXSourcesBuildPhase section */
		985035D820EA142000356369 /* Sources */ = {
			isa = PBXSourcesBuildPhase;
			buildActionMask = 2147483647;
			files = (
				985035E220EA142000356369 /* ViewController.swift in Sources */,
				985035F220EA14F800356369 /* CustomCell.swift in Sources */,
				985035E020EA142000356369 /* AppDelegate.swift in Sources */,
			);
			runOnlyForDeploymentPostprocessing = 0;
		};
/* End PBXSourcesBuildPhase section */

/* Begin PBXVariantGroup section */
		985035E320EA142000356369 /* Main.storyboard */ = {
			isa = PBXVariantGroup;
			children = (
				985035E420EA142000356369 /* Base */,
			);
			name = Main.storyboard;
			sourceTree = "<group>";
		};
		985035E820EA142000356369 /* LaunchScreen.storyboard */ = {
			isa = PBXVariantGroup;
			children = (
				985035E920EA142000356369 /* Base */,
			);
			name = LaunchScreen.storyboard;
			sourceTree = "<group>";
		};
/* End PBXVariantGroup section */

/* Begin XCBuildConfiguration section */
		985035EC20EA142000356369 /* Debug */ = {
			isa = XCBuildConfiguration;
			buildSettings = {
				ALWAYS_SEARCH_USER_PATHS = NO;
				CLANG_ANALYZER_NONNULL = YES;
				CLANG_ANALYZER_NUMBER_OBJECT_CONVERSION = YES_AGGRESSIVE;
				CLANG_CXX_LANGUAGE_STANDARD = "gnu++14";
				CLANG_CXX_LIBRARY = "libc++";
				CLANG_ENABLE_MODULES = YES;
				CLANG_ENABLE_OBJC_ARC = YES;
				CLANG_ENABLE_OBJC_WEAK = YES;
				CLANG_WARN_BLOCK_CAPTURE_AUTORELEASING = YES;
				CLANG_WARN_BOOL_CONVERSION = YES;
				CLANG_WARN_COMMA = YES;
				CLANG_WARN_CONSTANT_CONVERSION = YES;
				CLANG_WARN_DEPRECATED_OBJC_IMPLEMENTATIONS = YES;
				CLANG_WARN_DIRECT_OBJC_ISA_USAGE = YES_ERROR;
				CLANG_WARN_DOCUMENTATION_COMMENTS = YES;
				CLANG_WARN_EMPTY_BODY = YES;
				CLANG_WARN_ENUM_CONVERSION = YES;
				CLANG_WARN_INFINITE_RECURSION = YES;
				CLANG_WARN_INT_CONVERSION = YES;
				CLANG_WARN_NON_LITERAL_NULL_CONVERSION = YES;
				CLANG_WARN_OBJC_IMPLICIT_RETAIN_SELF = YES;
				CLANG_WARN_OBJC_LITERAL_CONVERSION = YES;
				CLANG_WARN_OBJC_ROOT_CLASS = YES_ERROR;
				CLANG_WARN_RANGE_LOOP_ANALYSIS = YES;
				CLANG_WARN_STRICT_PROTOTYPES = YES;
				CLANG_WARN_SUSPICIOUS_MOVE = YES;
				CLANG_WARN_UNGUARDED_AVAILABILITY = YES_AGGRESSIVE;
				CLANG_WARN_UNREACHABLE_CODE = YES;
				CLANG_WARN__DUPLICATE_METHOD_MATCH = YES;
				CODE_SIGN_IDENTITY = "iPhone Developer";
				COPY_PHASE_STRIP = NO;
				DEBUG_INFORMATION_FORMAT = dwarf;
				ENABLE_STRICT_OBJC_MSGSEND = YES;
				ENABLE_TESTABILITY = YES;
				GCC_C_LANGUAGE_STANDARD = gnu11;
				GCC_DYNAMIC_NO_PIC = NO;
				GCC_NO_COMMON_BLOCKS = YES;
				GCC_OPTIMIZATION_LEVEL = 0;
				GCC_PREPROCESSOR_DEFINITIONS = (
					"DEBUG=1",
					"$(inherited)",
				);
				GCC_WARN_64_TO_32_BIT_CONVERSION = YES;
				GCC_WARN_ABOUT_RETURN_TYPE = YES_ERROR;
				GCC_WARN_UNDECLARED_SELECTOR = YES;
				GCC_WARN_UNINITIALIZED_AUTOS = YES_AGGRESSIVE;
				GCC_WARN_UNUSED_FUNCTION = YES;
				GCC_WARN_UNUSED_VARIABLE = YES;
				IPHONEOS_DEPLOYMENT_TARGET = 11.4;
				MTL_ENABLE_DEBUG_INFO = YES;
				ONLY_ACTIVE_ARCH = YES;
				SDKROOT = iphoneos;
				SWIFT_ACTIVE_COMPILATION_CONDITIONS = DEBUG;
				SWIFT_OPTIMIZATION_LEVEL = "-Onone";
			};
			name = Debug;
		};
		985035ED20EA142000356369 /* Release */ = {
			isa = XCBuildConfiguration;
			buildSettings = {
				ALWAYS_SEARCH_USER_PATHS = NO;
				CLANG_ANALYZER_NONNULL = YES;
				CLANG_ANALYZER_NUMBER_OBJECT_CONVERSION = YES_AGGRESSIVE;
				CLANG_CXX_LANGUAGE_STANDARD = "gnu++14";
				CLANG_CXX_LIBRARY = "libc++";
				CLANG_ENABLE_MODULES = YES;
				CLANG_ENABLE_OBJC_ARC = YES;
				CLANG_ENABLE_OBJC_WEAK = YES;
				CLANG_WARN_BLOCK_CAPTURE_AUTORELEASING = YES;
				CLANG_WARN_BOOL_CONVERSION = YES;
				CLANG_WARN_COMMA = YES;
				CLANG_WARN_CONSTANT_CONVERSION = YES;
				CLANG_WARN_DEPRECATED_OBJC_IMPLEMENTATIONS = YES;
				CLANG_WARN_DIRECT_OBJC_ISA_USAGE = YES_ERROR;
				CLANG_WARN_DOCUMENTATION_COMMENTS = YES;
				CLANG_WARN_EMPTY_BODY = YES;
				CLANG_WARN_ENUM_CONVERSION = YES;
				CLANG_WARN_INFINITE_RECURSION = YES;
				CLANG_WARN_INT_CONVERSION = YES;
				CLANG_WARN_NON_LITERAL_NULL_CONVERSION = YES;
				CLANG_WARN_OBJC_IMPLICIT_RETAIN_SELF = YES;
				CLANG_WARN_OBJC_LITERAL_CONVERSION = YES;
				CLANG_WARN_OBJC_ROOT_CLASS = YES_ERROR;
				CLANG_WARN_RANGE_LOOP_ANALYSIS = YES;
				CLANG_WARN_STRICT_PROTOTYPES = YES;
				CLANG_WARN_SUSPICIOUS_MOVE = YES;
				CLANG_WARN_UNGUARDED_AVAILABILITY = YES_AGGRESSIVE;
				CLANG_WARN_UNREACHABLE_CODE = YES;
				CLANG_WARN__DUPLICATE_METHOD_MATCH = YES;
				CODE_SIGN_IDENTITY = "iPhone Developer";
				COPY_PHASE_STRIP = NO;
				DEBUG_INFORMATION_FORMAT = "dwarf-with-dsym";
				ENABLE_NS_ASSERTIONS = NO;
				ENABLE_STRICT_OBJC_MSGSEND = YES;
				GCC_C_LANGUAGE_STANDARD = gnu11;
				GCC_NO_COMMON_BLOCKS = YES;
				GCC_WARN_64_TO_32_BIT_CONVERSION = YES;
				GCC_WARN_ABOUT_RETURN_TYPE = YES_ERROR;
				GCC_WARN_UNDECLARED_SELECTOR = YES;
				GCC_WARN_UNINITIALIZED_AUTOS = YES_AGGRESSIVE;
				GCC_WARN_UNUSED_FUNCTION = YES;
				GCC_WARN_UNUSED_VARIABLE = YES;
				IPHONEOS_DEPLOYMENT_TARGET = 11.4;
				MTL_ENABLE_DEBUG_INFO = NO;
				SDKROOT = iphoneos;
				SWIFT_COMPILATION_MODE = wholemodule;
				SWIFT_OPTIMIZATION_LEVEL = "-O";
				VALIDATE_PRODUCT = YES;
			};
			name = Release;
		};
		985035EF20EA142000356369 /* Debug */ = {
			isa = XCBuildConfiguration;
			buildSettings = {
				ASSETCATALOG_COMPILER_APPICON_NAME = AppIcon;
				CODE_SIGN_STYLE = Automatic;
				DEVELOPMENT_TEAM = GVN682F3UK;
				INFOPLIST_FILE = CustomCell/Info.plist;
				LD_RUNPATH_SEARCH_PATHS = (
					"$(inherited)",
					"@executable_path/Frameworks",
				);
				PRODUCT_BUNDLE_IDENTIFIER = www.wangjue.CustomCell;
				PRODUCT_NAME = "$(TARGET_NAME)";
				SWIFT_VERSION = 4.0;
				TARGETED_DEVICE_FAMILY = "1,2";
			};
			name = Debug;
		};
		985035F020EA142000356369 /* Release */ = {
			isa = XCBuildConfiguration;
			buildSettings = {
				ASSETCATALOG_COMPILER_APPICON_NAME = AppIcon;
				CODE_SIGN_STYLE = Automatic;
				DEVELOPMENT_TEAM = GVN682F3UK;
				INFOPLIST_FILE = CustomCell/Info.plist;
				LD_RUNPATH_SEARCH_PATHS = (
					"$(inherited)",
					"@executable_path/Frameworks",
				);
				PRODUCT_BUNDLE_IDENTIFIER = www.wangjue.CustomCell;
				PRODUCT_NAME = "$(TARGET_NAME)";
				SWIFT_VERSION = 4.0;
				TARGETED_DEVICE_FAMILY = "1,2";
			};
			name = Release;
		};
/* End XCBuildConfiguration section */

/* Begin XCConfigurationList section */
		985035D720EA142000356369 /* Build configuration list for PBXProject "CustomCell" */ = {
			isa = XCConfigurationList;
			buildConfigurations = (
				985035EC20EA142000356369 /* Debug */,
				985035ED20EA142000356369 /* Release */,
			);
			defaultConfigurationIsVisible = 0;
			defaultConfigurationName = Release;
		};
		985035EE20EA142000356369 /* Build configuration list for PBXNativeTarget "CustomCell" */ = {
			isa = XCConfigurationList;
			buildConfigurations = (
				985035EF20EA142000356369 /* Debug */,
				985035F020EA142000356369 /* Release */,
			);
			defaultConfigurationIsVisible = 0;
			defaultConfigurationName = Release;
		};
/* End XCConfigurationList section */
	};
	rootObject = 985035D420EA142000356369 /* Project object */;
}
