// !$*UTF8*$!
{
	archiveVersion = 1;
	classes = {
	};
	objectVersion = 50;
	objects = {

/* Begin PBXBuildFile section */
		98BABD762269647F005806FD /* AppDelegate.swift in Sources */ = {isa = PBXBuildFile; fileRef = 98BABD752269647F005806FD /* AppDelegate.swift */; };
		98BABD782269647F005806FD /* ViewController.swift in Sources */ = {isa = PBXBuildFile; fileRef = 98BABD772269647F005806FD /* ViewController.swift */; };
		98BABD7B2269647F005806FD /* Main.storyboard in Resources */ = {isa = PBXBuildFile; fileRef = 98BABD792269647F005806FD /* Main.storyboard */; };
		98BABD7D22696481005806FD /* Assets.xcassets in Resources */ = {isa = PBXBuildFile; fileRef = 98BABD7C22696481005806FD /* Assets.xcassets */; };
		98BABD8022696481005806FD /* LaunchScreen.storyboard in Resources */ = {isa = PBXBuildFile; fileRef = 98BABD7E22696481005806FD /* LaunchScreen.storyboard */; };
		98BABD91226964D1005806FD /* athletics.gif in Resources */ = {isa = PBXBuildFile; fileRef = 98BABD88226964D1005806FD /* athletics.gif */; };
		98BABD92226964D1005806FD /* archery.gif in Resources */ = {isa = PBXBuildFile; fileRef = 98BABD89226964D1005806FD /* archery.gif */; };
		98BABD93226964D1005806FD /* boxing.gif in Resources */ = {isa = PBXBuildFile; fileRef = 98BABD8A226964D1005806FD /* boxing.gif */; };
		98BABD94226964D1005806FD /* events.plist in Resources */ = {isa = PBXBuildFile; fileRef = 98BABD8B226964D1005806FD /* events.plist */; };
		98BABD95226964D1005806FD /* basketball.gif in Resources */ = {isa = PBXBuildFile; fileRef = 98BABD8C226964D1005806FD /* basketball.gif */; };
		98BABD96226964D1005806FD /* canoe-sprint.gif in Resources */ = {isa = PBXBuildFile; fileRef = 98BABD8D226964D1005806FD /* canoe-sprint.gif */; };
		98BABD97226964D1005806FD /* beach-volleyball.gif in Resources */ = {isa = PBXBuildFile; fileRef = 98BABD8E226964D1005806FD /* beach-volleyball.gif */; };
		98BABD98226964D1005806FD /* badminton.gif in Resources */ = {isa = PBXBuildFile; fileRef = 98BABD8F226964D1005806FD /* badminton.gif */; };
		98BABD99226964D1005806FD /* canoe-slalom.gif in Resources */ = {isa = PBXBuildFile; fileRef = 98BABD90226964D1005806FD /* canoe-slalom.gif */; };
		98BABD9B226965A8005806FD /* Cell.swift in Sources */ = {isa = PBXBuildFile; fileRef = 98BABD9A226965A8005806FD /* Cell.swift */; };
		98BABD9D226992A8005806FD /* events.plist in Resources */ = {isa = PBXBuildFile; fileRef = 98BABD9C226992A8005806FD /* events.plist */; };
/* End PBXBuildFile section */

/* Begin PBXFileReference section */
		98BABD722269647F005806FD /* CollectionViewSample.app */ = {isa = PBXFileReference; explicitFileType = wrapper.application; includeInIndex = 0; path = CollectionViewSample.app; sourceTree = BUILT_PRODUCTS_DIR; };
		98BABD752269647F005806FD /* AppDelegate.swift */ = {isa = PBXFileReference; lastKnownFileType = sourcecode.swift; path = AppDelegate.swift; sourceTree = "<group>"; };
		98BABD772269647F005806FD /* ViewController.swift */ = {isa = PBXFileReference; lastKnownFileType = sourcecode.swift; path = ViewController.swift; sourceTree = "<group>"; };
		98BABD7A2269647F005806FD /* Base */ = {isa = PBXFileReference; lastKnownFileType = file.storyboard; name = Base; path = Base.lproj/Main.storyboard; sourceTree = "<group>"; };
		98BABD7C22696481005806FD /* Assets.xcassets */ = {isa = PBXFileReference; lastKnownFileType = folder.assetcatalog; path = Assets.xcassets; sourceTree = "<group>"; };
		98BABD7F22696481005806FD /* Base */ = {isa = PBXFileReference; lastKnownFileType = file.storyboard; name = Base; path = Base.lproj/LaunchScreen.storyboard; sourceTree = "<group>"; };
		98BABD8122696481005806FD /* Info.plist */ = {isa = PBXFileReference; lastKnownFileType = text.plist.xml; path = Info.plist; sourceTree = "<group>"; };
		98BABD88226964D1005806FD /* athletics.gif */ = {isa = PBXFileReference; lastKnownFileType = image.gif; path = athletics.gif; sourceTree = "<group>"; };
		98BABD89226964D1005806FD /* archery.gif */ = {isa = PBXFileReference; lastKnownFileType = image.gif; path = archery.gif; sourceTree = "<group>"; };
		98BABD8A226964D1005806FD /* boxing.gif */ = {isa = PBXFileReference; lastKnownFileType = image.gif; path = boxing.gif; sourceTree = "<group>"; };
		98BABD8B226964D1005806FD /* events.plist */ = {isa = PBXFileReference; fileEncoding = 4; lastKnownFileType = text.plist.xml; path = events.plist; sourceTree = "<group>"; };
		98BABD8C226964D1005806FD /* basketball.gif */ = {isa = PBXFileReference; lastKnownFileType = image.gif; path = basketball.gif; sourceTree = "<group>"; };
		98BABD8D226964D1005806FD /* canoe-sprint.gif */ = {isa = PBXFileReference; lastKnownFileType = image.gif; path = "canoe-sprint.gif"; sourceTree = "<group>"; };
		98BABD8E226964D1005806FD /* beach-volleyball.gif */ = {isa = PBXFileReference; lastKnownFileType = image.gif; path = "beach-volleyball.gif"; sourceTree = "<group>"; };
		98BABD8F226964D1005806FD /* badminton.gif */ = {isa = PBXFileReference; lastKnownFileType = image.gif; path = badminton.gif; sourceTree = "<group>"; };
		98BABD90226964D1005806FD /* canoe-slalom.gif */ = {isa = PBXFileReference; lastKnownFileType = image.gif; path = "canoe-slalom.gif"; sourceTree = "<group>"; };
		98BABD9A226965A8005806FD /* Cell.swift */ = {isa = PBXFileReference; lastKnownFileType = sourcecode.swift; path = Cell.swift; sourceTree = "<group>"; };
		98BABD9C226992A8005806FD /* events.plist */ = {isa = PBXFileReference; fileEncoding = 4; lastKnownFileType = text.plist.xml; name = events.plist; path = ../events.plist; sourceTree = "<group>"; };
/* End PBXFileReference section */

/* Begin PBXFrameworksBuildPhase section */
		98BABD6F2269647F005806FD /* Frameworks */ = {
			isa = PBXFrameworksBuildPhase;
			buildActionMask = 2147483647;
			files = (
			);
			runOnlyForDeploymentPostprocessing = 0;
		};
/* End PBXFrameworksBuildPhase section */

/* Begin PBXGroup section */
		98BABD692269647F005806FD = {
			isa = PBXGroup;
			children = (
				98BABD742269647F005806FD /* CollectionViewSample */,
				98BABD732269647F005806FD /* Products */,
			);
			sourceTree = "<group>";
		};
		98BABD732269647F005806FD /* Products */ = {
			isa = PBXGroup;
			children = (
				98BABD722269647F005806FD /* CollectionViewSample.app */,
			);
			name = Products;
			sourceTree = "<group>";
		};
		98BABD742269647F005806FD /* CollectionViewSample */ = {
			isa = PBXGroup;
			children = (
				98BABD87226964D1005806FD /* Olympics_Pic */,
				98BABD752269647F005806FD /* AppDelegate.swift */,
				98BABD772269647F005806FD /* ViewController.swift */,
				98BABD792269647F005806FD /* Main.storyboard */,
				98BABD7C22696481005806FD /* Assets.xcassets */,
				98BABD7E22696481005806FD /* LaunchScreen.storyboard */,
				98BABD8122696481005806FD /* Info.plist */,
				98BABD9A226965A8005806FD /* Cell.swift */,
			);
			path = CollectionViewSample;
			sourceTree = "<group>";
		};
		98BABD87226964D1005806FD /* Olympics_Pic */ = {
			isa = PBXGroup;
			children = (
				98BABD9C226992A8005806FD /* events.plist */,
				98BABD88226964D1005806FD /* athletics.gif */,
				98BABD89226964D1005806FD /* archery.gif */,
				98BABD8A226964D1005806FD /* boxing.gif */,
				98BABD8B226964D1005806FD /* events.plist */,
				98BABD8C226964D1005806FD /* basketball.gif */,
				98BABD8D226964D1005806FD /* canoe-sprint.gif */,
				98BABD8E226964D1005806FD /* beach-volleyball.gif */,
				98BABD8F226964D1005806FD /* badminton.gif */,
				98BABD90226964D1005806FD /* canoe-slalom.gif */,
			);
			path = Olympics_Pic;
			sourceTree = "<group>";
		};
/* End PBXGroup section */

/* Begin PBXNativeTarget section */
		98BABD712269647F005806FD /* CollectionViewSample */ = {
			isa = PBXNativeTarget;
			buildConfigurationList = 98BABD8422696481005806FD /* Build configuration list for PBXNativeTarget "CollectionViewSample" */;
			buildPhases = (
				98BABD6E2269647F005806FD /* Sources */,
				98BABD6F2269647F005806FD /* Frameworks */,
				98BABD702269647F005806FD /* Resources */,
			);
			buildRules = (
			);
			dependencies = (
			);
			name = CollectionViewSample;
			productName = CollectionViewSample;
			productReference = 98BABD722269647F005806FD /* CollectionViewSample.app */;
			productType = "com.apple.product-type.application";
		};
/* End PBXNativeTarget section */

/* Begin PBXProject section */
		98BABD6A2269647F005806FD /* Project object */ = {
			isa = PBXProject;
			attributes = {
				LastSwiftUpdateCheck = 1020;
				LastUpgradeCheck = 1020;
				ORGANIZATIONNAME = wangjue;
				TargetAttributes = {
					98BABD712269647F005806FD = {
						CreatedOnToolsVersion = 10.2.1;
					};
				};
			};
			buildConfigurationList = 98BABD6D2269647F005806FD /* Build configuration list for PBXProject "CollectionViewSample" */;
			compatibilityVersion = "Xcode 9.3";
			developmentRegion = en;
			hasScannedForEncodings = 0;
			knownRegions = (
				en,
				Base,
			);
			mainGroup = 98BABD692269647F005806FD;
			productRefGroup = 98BABD732269647F005806FD /* Products */;
			projectDirPath = "";
			projectRoot = "";
			targets = (
				98BABD712269647F005806FD /* CollectionViewSample */,
			);
		};
/* End PBXProject section */

/* Begin PBXResourcesBuildPhase section */
		98BABD702269647F005806FD /* Resources */ = {
			isa = PBXResourcesBuildPhase;
			buildActionMask = 2147483647;
			files = (
				98BABD8022696481005806FD /* LaunchScreen.storyboard in Resources */,
				98BABD98226964D1005806FD /* badminton.gif in Resources */,
				98BABD7D22696481005806FD /* Assets.xcassets in Resources */,
				98BABD9D226992A8005806FD /* events.plist in Resources */,
				98BABD99226964D1005806FD /* canoe-slalom.gif in Resources */,
				98BABD91226964D1005806FD /* athletics.gif in Resources */,
				98BABD7B2269647F005806FD /* Main.storyboard in Resources */,
				98BABD97226964D1005806FD /* beach-volleyball.gif in Resources */,
				98BABD92226964D1005806FD /* archery.gif in Resources */,
				98BABD93226964D1005806FD /* boxing.gif in Resources */,
				98BABD94226964D1005806FD /* events.plist in Resources */,
				98BABD96226964D1005806FD /* canoe-sprint.gif in Resources */,
				98BABD95226964D1005806FD /* basketball.gif in Resources */,
			);
			runOnlyForDeploymentPostprocessing = 0;
		};
/* End PBXResourcesBuildPhase section */

/* Begin PBXSourcesBuildPhase section */
		98BABD6E2269647F005806FD /* Sources */ = {
			isa = PBXSourcesBuildPhase;
			buildActionMask = 2147483647;
			files = (
				98BABD782269647F005806FD /* ViewController.swift in Sources */,
				98BABD762269647F005806FD /* AppDelegate.swift in Sources */,
				98BABD9B226965A8005806FD /* Cell.swift in Sources */,
			);
			runOnlyForDeploymentPostprocessing = 0;
		};
/* End PBXSourcesBuildPhase section */

/* Begin PBXVariantGroup section */
		98BABD792269647F005806FD /* Main.storyboard */ = {
			isa = PBXVariantGroup;
			children = (
				98BABD7A2269647F005806FD /* Base */,
			);
			name = Main.storyboard;
			sourceTree = "<group>";
		};
		98BABD7E22696481005806FD /* LaunchScreen.storyboard */ = {
			isa = PBXVariantGroup;
			children = (
				98BABD7F22696481005806FD /* Base */,
			);
			name = LaunchScreen.storyboard;
			sourceTree = "<group>";
		};
/* End PBXVariantGroup section */

/* Begin XCBuildConfiguration section */
		98BABD8222696481005806FD /* Debug */ = {
			isa = XCBuildConfiguration;
			buildSettings = {
				ALWAYS_SEARCH_USER_PATHS = NO;
				CLANG_ANALYZER_NONNULL = YES;
				CLANG_ANALYZER_NUMBER_OBJECT_CONVERSION = YES_AGGRESSIVE;
				CLANG_CXX_LANGUAGE_STANDARD = "gnu++14";
				CLANG_CXX_LIBRARY = "libc++";
				CLANG_ENABLE_MODULES = YES;
				CLANG_ENABLE_OBJC_ARC = YES;
				CLANG_ENABLE_OBJC_WEAK = YES;
				CLANG_WARN_BLOCK_CAPTURE_AUTORELEASING = YES;
				CLANG_WARN_BOOL_CONVERSION = YES;
				CLANG_WARN_COMMA = YES;
				CLANG_WARN_CONSTANT_CONVERSION = YES;
				CLANG_WARN_DEPRECATED_OBJC_IMPLEMENTATIONS = YES;
				CLANG_WARN_DIRECT_OBJC_ISA_USAGE = YES_ERROR;
				CLANG_WARN_DOCUMENTATION_COMMENTS = YES;
				CLANG_WARN_EMPTY_BODY = YES;
				CLANG_WARN_ENUM_CONVERSION = YES;
				CLANG_WARN_INFINITE_RECURSION = YES;
				CLANG_WARN_INT_CONVERSION = YES;
				CLANG_WARN_NON_LITERAL_NULL_CONVERSION = YES;
				CLANG_WARN_OBJC_IMPLICIT_RETAIN_SELF = YES;
				CLANG_WARN_OBJC_LITERAL_CONVERSION = YES;
				CLANG_WARN_OBJC_ROOT_CLASS = YES_ERROR;
				CLANG_WARN_RANGE_LOOP_ANALYSIS = YES;
				CLANG_WARN_STRICT_PROTOTYPES = YES;
				CLANG_WARN_SUSPICIOUS_MOVE = YES;
				CLANG_WARN_UNGUARDED_AVAILABILITY = YES_AGGRESSIVE;
				CLANG_WARN_UNREACHABLE_CODE = YES;
				CLANG_WARN__DUPLICATE_METHOD_MATCH = YES;
				CODE_SIGN_IDENTITY = "iPhone Developer";
				COPY_PHASE_STRIP = NO;
				DEBUG_INFORMATION_FORMAT = dwarf;
				ENABLE_STRICT_OBJC_MSGSEND = YES;
				ENABLE_TESTABILITY = YES;
				GCC_C_LANGUAGE_STANDARD = gnu11;
				GCC_DYNAMIC_NO_PIC = NO;
				GCC_NO_COMMON_BLOCKS = YES;
				GCC_OPTIMIZATION_LEVEL = 0;
				GCC_PREPROCESSOR_DEFINITIONS = (
					"DEBUG=1",
					"$(inherited)",
				);
				GCC_WARN_64_TO_32_BIT_CONVERSION = YES;
				GCC_WARN_ABOUT_RETURN_TYPE = YES_ERROR;
				GCC_WARN_UNDECLARED_SELECTOR = YES;
				GCC_WARN_UNINITIALIZED_AUTOS = YES_AGGRESSIVE;
				GCC_WARN_UNUSED_FUNCTION = YES;
				GCC_WARN_UNUSED_VARIABLE = YES;
				IPHONEOS_DEPLOYMENT_TARGET = 12.2;
				MTL_ENABLE_DEBUG_INFO = INCLUDE_SOURCE;
				MTL_FAST_MATH = YES;
				ONLY_ACTIVE_ARCH = YES;
				SDKROOT = iphoneos;
				SWIFT_ACTIVE_COMPILATION_CONDITIONS = DEBUG;
				SWIFT_OPTIMIZATION_LEVEL = "-Onone";
			};
			name = Debug;
		};
		98BABD8322696481005806FD /* Release */ = {
			isa = XCBuildConfiguration;
			buildSettings = {
				ALWAYS_SEARCH_USER_PATHS = NO;
				CLANG_ANALYZER_NONNULL = YES;
				CLANG_ANALYZER_NUMBER_OBJECT_CONVERSION = YES_AGGRESSIVE;
				CLANG_CXX_LANGUAGE_STANDARD = "gnu++14";
				CLANG_CXX_LIBRARY = "libc++";
				CLANG_ENABLE_MODULES = YES;
				CLANG_ENABLE_OBJC_ARC = YES;
				CLANG_ENABLE_OBJC_WEAK = YES;
				CLANG_WARN_BLOCK_CAPTURE_AUTORELEASING = YES;
				CLANG_WARN_BOOL_CONVERSION = YES;
				CLANG_WARN_COMMA = YES;
				CLANG_WARN_CONSTANT_CONVERSION = YES;
				CLANG_WARN_DEPRECATED_OBJC_IMPLEMENTATIONS = YES;
				CLANG_WARN_DIRECT_OBJC_ISA_USAGE = YES_ERROR;
				CLANG_WARN_DOCUMENTATION_COMMENTS = YES;
				CLANG_WARN_EMPTY_BODY = YES;
				CLANG_WARN_ENUM_CONVERSION = YES;
				CLANG_WARN_INFINITE_RECURSION = YES;
				CLANG_WARN_INT_CONVERSION = YES;
				CLANG_WARN_NON_LITERAL_NULL_CONVERSION = YES;
				CLANG_WARN_OBJC_IMPLICIT_RETAIN_SELF = YES;
				CLANG_WARN_OBJC_LITERAL_CONVERSION = YES;
				CLANG_WARN_OBJC_ROOT_CLASS = YES_ERROR;
				CLANG_WARN_RANGE_LOOP_ANALYSIS = YES;
				CLANG_WARN_STRICT_PROTOTYPES = YES;
				CLANG_WARN_SUSPICIOUS_MOVE = YES;
				CLANG_WARN_UNGUARDED_AVAILABILITY = YES_AGGRESSIVE;
				CLANG_WARN_UNREACHABLE_CODE = YES;
				CLANG_WARN__DUPLICATE_METHOD_MATCH = YES;
				CODE_SIGN_IDENTITY = "iPhone Developer";
				COPY_PHASE_STRIP = NO;
				DEBUG_INFORMATION_FORMAT = "dwarf-with-dsym";
				ENABLE_NS_ASSERTIONS = NO;
				ENABLE_STRICT_OBJC_MSGSEND = YES;
				GCC_C_LANGUAGE_STANDARD = gnu11;
				GCC_NO_COMMON_BLOCKS = YES;
				GCC_WARN_64_TO_32_BIT_CONVERSION = YES;
				GCC_WARN_ABOUT_RETURN_TYPE = YES_ERROR;
				GCC_WARN_UNDECLARED_SELECTOR = YES;
				GCC_WARN_UNINITIALIZED_AUTOS = YES_AGGRESSIVE;
				GCC_WARN_UNUSED_FUNCTION = YES;
				GCC_WARN_UNUSED_VARIABLE = YES;
				IPHONEOS_DEPLOYMENT_TARGET = 12.2;
				MTL_ENABLE_DEBUG_INFO = NO;
				MTL_FAST_MATH = YES;
				SDKROOT = iphoneos;
				SWIFT_COMPILATION_MODE = wholemodule;
				SWIFT_OPTIMIZATION_LEVEL = "-O";
				VALIDATE_PRODUCT = YES;
			};
			name = Release;
		};
		98BABD8522696481005806FD /* Debug */ = {
			isa = XCBuildConfiguration;
			buildSettings = {
				ASSETCATALOG_COMPILER_APPICON_NAME = AppIcon;
				CODE_SIGN_STYLE = Automatic;
				DEVELOPMENT_TEAM = GVN682F3UK;
				INFOPLIST_FILE = CollectionViewSample/Info.plist;
				LD_RUNPATH_SEARCH_PATHS = (
					"$(inherited)",
					"@executable_path/Frameworks",
				);
				PRODUCT_BUNDLE_IDENTIFIER = www.wangjue.CollectionViewSample;
				PRODUCT_NAME = "$(TARGET_NAME)";
				SWIFT_VERSION = 5.0;
				TARGETED_DEVICE_FAMILY = "1,2";
			};
			name = Debug;
		};
		98BABD8622696481005806FD /* Release */ = {
			isa = XCBuildConfiguration;
			buildSettings = {
				ASSETCATALOG_COMPILER_APPICON_NAME = AppIcon;
				CODE_SIGN_STYLE = Automatic;
				DEVELOPMENT_TEAM = GVN682F3UK;
				INFOPLIST_FILE = CollectionViewSample/Info.plist;
				LD_RUNPATH_SEARCH_PATHS = (
					"$(inherited)",
					"@executable_path/Frameworks",
				);
				PRODUCT_BUNDLE_IDENTIFIER = www.wangjue.CollectionViewSample;
				PRODUCT_NAME = "$(TARGET_NAME)";
				SWIFT_VERSION = 5.0;
				TARGETED_DEVICE_FAMILY = "1,2";
			};
			name = Release;
		};
/* End XCBuildConfiguration section */

/* Begin XCConfigurationList section */
		98BABD6D2269647F005806FD /* Build configuration list for PBXProject "CollectionViewSample" */ = {
			isa = XCConfigurationList;
			buildConfigurations = (
				98BABD8222696481005806FD /* Debug */,
				98BABD8322696481005806FD /* Release */,
			);
			defaultConfigurationIsVisible = 0;
			defaultConfigurationName = Release;
		};
		98BABD8422696481005806FD /* Build configuration list for PBXNativeTarget "CollectionViewSample" */ = {
			isa = XCConfigurationList;
			buildConfigurations = (
				98BABD8522696481005806FD /* Debug */,
				98BABD8622696481005806FD /* Release */,
			);
			defaultConfigurationIsVisible = 0;
			defaultConfigurationName = Release;
		};
/* End XCConfigurationList section */
	};
	rootObject = 98BABD6A2269647F005806FD /* Project object */;
}
