// !$*UTF8*$!
{
	archiveVersion = 1;
	classes = {
	};
	objectVersion = 47;
	objects = {

/* Begin PBXBuildFile section */
		980A01961C030640008F6A8F /* main.m in Sources */ = {isa = PBXBuildFile; fileRef = 980A01951C030640008F6A8F /* main.m */; };
		980A01991C030640008F6A8F /* AppDelegate.m in Sources */ = {isa = PBXBuildFile; fileRef = 980A01981C030640008F6A8F /* AppDelegate.m */; };
		980A019C1C030640008F6A8F /* ViewController.m in Sources */ = {isa = PBXBuildFile; fileRef = 980A019B1C030640008F6A8F /* ViewController.m */; };
		980A019F1C030640008F6A8F /* Main.storyboard in Resources */ = {isa = PBXBuildFile; fileRef = 980A019D1C030640008F6A8F /* Main.storyboard */; };
		980A01A11C030640008F6A8F /* Assets.xcassets in Resources */ = {isa = PBXBuildFile; fileRef = 980A01A01C030640008F6A8F /* Assets.xcassets */; };
		980A01B51C03086B008F6A8F /* YDConfigurationHelper.m in Sources */ = {isa = PBXBuildFile; fileRef = 980A01B41C03086B008F6A8F /* YDConfigurationHelper.m */; };
		980A01BA1C031226008F6A8F /* KeychainItemWrapper.m in Sources */ = {isa = PBXBuildFile; fileRef = 980A01B91C031226008F6A8F /* KeychainItemWrapper.m */; settings = {COMPILER_FLAGS = "-fno-objc-arc"; }; };
		980A01BE1C03146B008F6A8F /* YDRegistrationViewController.m in Sources */ = {isa = PBXBuildFile; fileRef = 980A01BC1C03146B008F6A8F /* YDRegistrationViewController.m */; };
		980A01BF1C03146B008F6A8F /* YDRegistrationViewController.xib in Resources */ = {isa = PBXBuildFile; fileRef = 980A01BD1C03146B008F6A8F /* YDRegistrationViewController.xib */; };
		983CDC211C15A98400D8C7E2 /* YDCrashHandler.m in Sources */ = {isa = PBXBuildFile; fileRef = 983CDC201C15A98400D8C7E2 /* YDCrashHandler.m */; };
		98A7CD371C073B420001CF54 /* YDLoginViewController.m in Sources */ = {isa = PBXBuildFile; fileRef = 98A7CD351C073B420001CF54 /* YDLoginViewController.m */; };
		98A7CD381C073B420001CF54 /* YDLoginViewController.xib in Resources */ = {isa = PBXBuildFile; fileRef = 98A7CD361C073B420001CF54 /* YDLoginViewController.xib */; };
		98A7CD3B1C0746810001CF54 /* NSString+MD5.m in Sources */ = {isa = PBXBuildFile; fileRef = 98A7CD3A1C0746810001CF54 /* NSString+MD5.m */; };
		98A7CD3D1C0748550001CF54 /* Security.framework in Frameworks */ = {isa = PBXBuildFile; fileRef = 98A7CD3C1C0748550001CF54 /* Security.framework */; };
/* End PBXBuildFile section */

/* Begin PBXFileReference section */
		980A01911C030640008F6A8F /* MyPersonalLibrary.app */ = {isa = PBXFileReference; explicitFileType = wrapper.application; includeInIndex = 0; path = MyPersonalLibrary.app; sourceTree = BUILT_PRODUCTS_DIR; };
		980A01951C030640008F6A8F /* main.m */ = {isa = PBXFileReference; lastKnownFileType = sourcecode.c.objc; path = main.m; sourceTree = "<group>"; };
		980A01971C030640008F6A8F /* AppDelegate.h */ = {isa = PBXFileReference; lastKnownFileType = sourcecode.c.h; path = AppDelegate.h; sourceTree = "<group>"; };
		980A01981C030640008F6A8F /* AppDelegate.m */ = {isa = PBXFileReference; lastKnownFileType = sourcecode.c.objc; path = AppDelegate.m; sourceTree = "<group>"; };
		980A019A1C030640008F6A8F /* ViewController.h */ = {isa = PBXFileReference; lastKnownFileType = sourcecode.c.h; path = ViewController.h; sourceTree = "<group>"; };
		980A019B1C030640008F6A8F /* ViewController.m */ = {isa = PBXFileReference; lastKnownFileType = sourcecode.c.objc; path = ViewController.m; sourceTree = "<group>"; };
		980A019E1C030640008F6A8F /* Base */ = {isa = PBXFileReference; lastKnownFileType = file.storyboard; name = Base; path = Base.lproj/Main.storyboard; sourceTree = "<group>"; };
		980A01A01C030640008F6A8F /* Assets.xcassets */ = {isa = PBXFileReference; lastKnownFileType = folder.assetcatalog; path = Assets.xcassets; sourceTree = "<group>"; };
		980A01A51C030640008F6A8F /* Info.plist */ = {isa = PBXFileReference; lastKnownFileType = text.plist.xml; path = Info.plist; sourceTree = "<group>"; };
		980A01B21C03071F008F6A8F /* YDConstants.h */ = {isa = PBXFileReference; lastKnownFileType = sourcecode.c.h; path = YDConstants.h; sourceTree = "<group>"; };
		980A01B31C03086B008F6A8F /* YDConfigurationHelper.h */ = {isa = PBXFileReference; fileEncoding = 4; lastKnownFileType = sourcecode.c.h; path = YDConfigurationHelper.h; sourceTree = "<group>"; };
		980A01B41C03086B008F6A8F /* YDConfigurationHelper.m */ = {isa = PBXFileReference; fileEncoding = 4; lastKnownFileType = sourcecode.c.objc; path = YDConfigurationHelper.m; sourceTree = "<group>"; };
		980A01B61C030B51008F6A8F /* MyPersonalLibraryPrefix.pch */ = {isa = PBXFileReference; lastKnownFileType = sourcecode.c.h; path = MyPersonalLibraryPrefix.pch; sourceTree = "<group>"; };
		980A01B81C031226008F6A8F /* KeychainItemWrapper.h */ = {isa = PBXFileReference; fileEncoding = 4; lastKnownFileType = sourcecode.c.h; path = KeychainItemWrapper.h; sourceTree = "<group>"; };
		980A01B91C031226008F6A8F /* KeychainItemWrapper.m */ = {isa = PBXFileReference; fileEncoding = 4; lastKnownFileType = sourcecode.c.objc; path = KeychainItemWrapper.m; sourceTree = "<group>"; };
		980A01BB1C03146B008F6A8F /* YDRegistrationViewController.h */ = {isa = PBXFileReference; fileEncoding = 4; lastKnownFileType = sourcecode.c.h; path = YDRegistrationViewController.h; sourceTree = "<group>"; };
		980A01BC1C03146B008F6A8F /* YDRegistrationViewController.m */ = {isa = PBXFileReference; fileEncoding = 4; lastKnownFileType = sourcecode.c.objc; path = YDRegistrationViewController.m; sourceTree = "<group>"; };
		980A01BD1C03146B008F6A8F /* YDRegistrationViewController.xib */ = {isa = PBXFileReference; fileEncoding = 4; lastKnownFileType = file.xib; path = YDRegistrationViewController.xib; sourceTree = "<group>"; };
		983CDC1F1C15A98400D8C7E2 /* YDCrashHandler.h */ = {isa = PBXFileReference; fileEncoding = 4; lastKnownFileType = sourcecode.c.h; path = YDCrashHandler.h; sourceTree = "<group>"; };
		983CDC201C15A98400D8C7E2 /* YDCrashHandler.m */ = {isa = PBXFileReference; fileEncoding = 4; lastKnownFileType = sourcecode.c.objc; path = YDCrashHandler.m; sourceTree = "<group>"; };
		98A7CD341C073B420001CF54 /* YDLoginViewController.h */ = {isa = PBXFileReference; fileEncoding = 4; lastKnownFileType = sourcecode.c.h; path = YDLoginViewController.h; sourceTree = "<group>"; };
		98A7CD351C073B420001CF54 /* YDLoginViewController.m */ = {isa = PBXFileReference; fileEncoding = 4; lastKnownFileType = sourcecode.c.objc; path = YDLoginViewController.m; sourceTree = "<group>"; };
		98A7CD361C073B420001CF54 /* YDLoginViewController.xib */ = {isa = PBXFileReference; fileEncoding = 4; lastKnownFileType = file.xib; path = YDLoginViewController.xib; sourceTree = "<group>"; };
		98A7CD391C0746810001CF54 /* NSString+MD5.h */ = {isa = PBXFileReference; fileEncoding = 4; lastKnownFileType = sourcecode.c.h; path = "NSString+MD5.h"; sourceTree = "<group>"; };
		98A7CD3A1C0746810001CF54 /* NSString+MD5.m */ = {isa = PBXFileReference; fileEncoding = 4; lastKnownFileType = sourcecode.c.objc; path = "NSString+MD5.m"; sourceTree = "<group>"; };
		98A7CD3C1C0748550001CF54 /* Security.framework */ = {isa = PBXFileReference; lastKnownFileType = wrapper.framework; name = Security.framework; path = System/Library/Frameworks/Security.framework; sourceTree = SDKROOT; };
/* End PBXFileReference section */

/* Begin PBXFrameworksBuildPhase section */
		980A018E1C030640008F6A8F /* Frameworks */ = {
			isa = PBXFrameworksBuildPhase;
			buildActionMask = 2147483647;
			files = (
				98A7CD3D1C0748550001CF54 /* Security.framework in Frameworks */,
			);
			runOnlyForDeploymentPostprocessing = 0;
		};
/* End PBXFrameworksBuildPhase section */

/* Begin PBXGroup section */
		980A01881C030640008F6A8F = {
			isa = PBXGroup;
			children = (
				98A7CD3C1C0748550001CF54 /* Security.framework */,
				980A01931C030640008F6A8F /* MyPersonalLibrary */,
				980A01921C030640008F6A8F /* Products */,
			);
			sourceTree = "<group>";
		};
		980A01921C030640008F6A8F /* Products */ = {
			isa = PBXGroup;
			children = (
				980A01911C030640008F6A8F /* MyPersonalLibrary.app */,
			);
			name = Products;
			sourceTree = "<group>";
		};
		980A01931C030640008F6A8F /* MyPersonalLibrary */ = {
			isa = PBXGroup;
			children = (
				980A01B11C0306F0008F6A8F /* VC */,
				980A01B01C0306E7008F6A8F /* Images */,
				980A01AF1C0306DB008F6A8F /* Definitions */,
				980A01AE1C0306D3008F6A8F /* Helpers */,
				980A01AD1C0306C8008F6A8F /* CrashHandler */,
				980A01AC1C0306BF008F6A8F /* Categories */,
				980A01AB1C0306B2008F6A8F /* Externals */,
				980A01971C030640008F6A8F /* AppDelegate.h */,
				980A01981C030640008F6A8F /* AppDelegate.m */,
				980A019A1C030640008F6A8F /* ViewController.h */,
				980A019B1C030640008F6A8F /* ViewController.m */,
				980A019D1C030640008F6A8F /* Main.storyboard */,
				980A01A01C030640008F6A8F /* Assets.xcassets */,
				980A01A51C030640008F6A8F /* Info.plist */,
				980A01941C030640008F6A8F /* Supporting Files */,
			);
			path = MyPersonalLibrary;
			sourceTree = "<group>";
		};
		980A01941C030640008F6A8F /* Supporting Files */ = {
			isa = PBXGroup;
			children = (
				980A01951C030640008F6A8F /* main.m */,
				980A01B61C030B51008F6A8F /* MyPersonalLibraryPrefix.pch */,
			);
			name = "Supporting Files";
			sourceTree = "<group>";
		};
		980A01AB1C0306B2008F6A8F /* Externals */ = {
			isa = PBXGroup;
			children = (
				980A01B71C0311F8008F6A8F /* KeyChain */,
			);
			name = Externals;
			sourceTree = "<group>";
		};
		980A01AC1C0306BF008F6A8F /* Categories */ = {
			isa = PBXGroup;
			children = (
				98A7CD391C0746810001CF54 /* NSString+MD5.h */,
				98A7CD3A1C0746810001CF54 /* NSString+MD5.m */,
			);
			name = Categories;
			sourceTree = "<group>";
		};
		980A01AD1C0306C8008F6A8F /* CrashHandler */ = {
			isa = PBXGroup;
			children = (
				983CDC1F1C15A98400D8C7E2 /* YDCrashHandler.h */,
				983CDC201C15A98400D8C7E2 /* YDCrashHandler.m */,
			);
			name = CrashHandler;
			sourceTree = "<group>";
		};
		980A01AE1C0306D3008F6A8F /* Helpers */ = {
			isa = PBXGroup;
			children = (
				980A01B31C03086B008F6A8F /* YDConfigurationHelper.h */,
				980A01B41C03086B008F6A8F /* YDConfigurationHelper.m */,
			);
			name = Helpers;
			sourceTree = "<group>";
		};
		980A01AF1C0306DB008F6A8F /* Definitions */ = {
			isa = PBXGroup;
			children = (
				980A01B21C03071F008F6A8F /* YDConstants.h */,
			);
			name = Definitions;
			sourceTree = "<group>";
		};
		980A01B01C0306E7008F6A8F /* Images */ = {
			isa = PBXGroup;
			children = (
			);
			name = Images;
			sourceTree = "<group>";
		};
		980A01B11C0306F0008F6A8F /* VC */ = {
			isa = PBXGroup;
			children = (
				980A01BB1C03146B008F6A8F /* YDRegistrationViewController.h */,
				980A01BC1C03146B008F6A8F /* YDRegistrationViewController.m */,
				980A01BD1C03146B008F6A8F /* YDRegistrationViewController.xib */,
				98A7CD341C073B420001CF54 /* YDLoginViewController.h */,
				98A7CD351C073B420001CF54 /* YDLoginViewController.m */,
				98A7CD361C073B420001CF54 /* YDLoginViewController.xib */,
			);
			name = VC;
			sourceTree = "<group>";
		};
		980A01B71C0311F8008F6A8F /* KeyChain */ = {
			isa = PBXGroup;
			children = (
				980A01B81C031226008F6A8F /* KeychainItemWrapper.h */,
				980A01B91C031226008F6A8F /* KeychainItemWrapper.m */,
			);
			name = KeyChain;
			sourceTree = "<group>";
		};
/* End PBXGroup section */

/* Begin PBXNativeTarget section */
		980A01901C030640008F6A8F /* MyPersonalLibrary */ = {
			isa = PBXNativeTarget;
			buildConfigurationList = 980A01A81C030640008F6A8F /* Build configuration list for PBXNativeTarget "MyPersonalLibrary" */;
			buildPhases = (
				980A018D1C030640008F6A8F /* Sources */,
				980A018E1C030640008F6A8F /* Frameworks */,
				980A018F1C030640008F6A8F /* Resources */,
			);
			buildRules = (
			);
			dependencies = (
			);
			name = MyPersonalLibrary;
			productName = MyPersonalLibrary;
			productReference = 980A01911C030640008F6A8F /* MyPersonalLibrary.app */;
			productType = "com.apple.product-type.application";
		};
/* End PBXNativeTarget section */

/* Begin PBXProject section */
		980A01891C030640008F6A8F /* Project object */ = {
			isa = PBXProject;
			attributes = {
				CLASSPREFIX = YD;
				LastUpgradeCheck = 0710;
				ORGANIZATIONNAME = "王珏";
				TargetAttributes = {
					980A01901C030640008F6A8F = {
						CreatedOnToolsVersion = 7.1.1;
						DevelopmentTeam = GVN682F3UK;
					};
				};
			};
			buildConfigurationList = 980A018C1C030640008F6A8F /* Build configuration list for PBXProject "MyPersonalLibrary" */;
			compatibilityVersion = "Xcode 6.3";
			developmentRegion = English;
			hasScannedForEncodings = 0;
			knownRegions = (
				en,
				Base,
			);
			mainGroup = 980A01881C030640008F6A8F;
			productRefGroup = 980A01921C030640008F6A8F /* Products */;
			projectDirPath = "";
			projectRoot = "";
			targets = (
				980A01901C030640008F6A8F /* MyPersonalLibrary */,
			);
		};
/* End PBXProject section */

/* Begin PBXResourcesBuildPhase section */
		980A018F1C030640008F6A8F /* Resources */ = {
			isa = PBXResourcesBuildPhase;
			buildActionMask = 2147483647;
			files = (
				980A01BF1C03146B008F6A8F /* YDRegistrationViewController.xib in Resources */,
				980A01A11C030640008F6A8F /* Assets.xcassets in Resources */,
				980A019F1C030640008F6A8F /* Main.storyboard in Resources */,
				98A7CD381C073B420001CF54 /* YDLoginViewController.xib in Resources */,
			);
			runOnlyForDeploymentPostprocessing = 0;
		};
/* End PBXResourcesBuildPhase section */

/* Begin PBXSourcesBuildPhase section */
		980A018D1C030640008F6A8F /* Sources */ = {
			isa = PBXSourcesBuildPhase;
			buildActionMask = 2147483647;
			files = (
				980A01BE1C03146B008F6A8F /* YDRegistrationViewController.m in Sources */,
				980A019C1C030640008F6A8F /* ViewController.m in Sources */,
				98A7CD3B1C0746810001CF54 /* NSString+MD5.m in Sources */,
				980A01991C030640008F6A8F /* AppDelegate.m in Sources */,
				98A7CD371C073B420001CF54 /* YDLoginViewController.m in Sources */,
				980A01961C030640008F6A8F /* main.m in Sources */,
				983CDC211C15A98400D8C7E2 /* YDCrashHandler.m in Sources */,
				980A01BA1C031226008F6A8F /* KeychainItemWrapper.m in Sources */,
				980A01B51C03086B008F6A8F /* YDConfigurationHelper.m in Sources */,
			);
			runOnlyForDeploymentPostprocessing = 0;
		};
/* End PBXSourcesBuildPhase section */

/* Begin PBXVariantGroup section */
		980A019D1C030640008F6A8F /* Main.storyboard */ = {
			isa = PBXVariantGroup;
			children = (
				980A019E1C030640008F6A8F /* Base */,
			);
			name = Main.storyboard;
			sourceTree = "<group>";
		};
/* End PBXVariantGroup section */

/* Begin XCBuildConfiguration section */
		980A01A61C030640008F6A8F /* Debug */ = {
			isa = XCBuildConfiguration;
			buildSettings = {
				ALWAYS_SEARCH_USER_PATHS = NO;
				CLANG_CXX_LANGUAGE_STANDARD = "gnu++0x";
				CLANG_CXX_LIBRARY = "libc++";
				CLANG_ENABLE_MODULES = YES;
				CLANG_ENABLE_OBJC_ARC = YES;
				CLANG_WARN_BOOL_CONVERSION = YES;
				CLANG_WARN_CONSTANT_CONVERSION = YES;
				CLANG_WARN_DIRECT_OBJC_ISA_USAGE = YES_ERROR;
				CLANG_WARN_EMPTY_BODY = YES;
				CLANG_WARN_ENUM_CONVERSION = YES;
				CLANG_WARN_INT_CONVERSION = YES;
				CLANG_WARN_OBJC_ROOT_CLASS = YES_ERROR;
				CLANG_WARN_UNREACHABLE_CODE = YES;
				CLANG_WARN__DUPLICATE_METHOD_MATCH = YES;
				"CODE_SIGN_IDENTITY[sdk=iphoneos*]" = "iPhone Developer";
				COPY_PHASE_STRIP = NO;
				DEBUG_INFORMATION_FORMAT = dwarf;
				ENABLE_STRICT_OBJC_MSGSEND = YES;
				ENABLE_TESTABILITY = YES;
				GCC_C_LANGUAGE_STANDARD = gnu99;
				GCC_DYNAMIC_NO_PIC = NO;
				GCC_NO_COMMON_BLOCKS = YES;
				GCC_OPTIMIZATION_LEVEL = 0;
				GCC_PRECOMPILE_PREFIX_HEADER = YES;
				GCC_PREPROCESSOR_DEFINITIONS = (
					"DEBUG=1",
					"$(inherited)",
				);
				GCC_WARN_64_TO_32_BIT_CONVERSION = YES;
				GCC_WARN_ABOUT_RETURN_TYPE = YES_ERROR;
				GCC_WARN_UNDECLARED_SELECTOR = YES;
				GCC_WARN_UNINITIALIZED_AUTOS = YES_AGGRESSIVE;
				GCC_WARN_UNUSED_FUNCTION = YES;
				GCC_WARN_UNUSED_VARIABLE = YES;
				IPHONEOS_DEPLOYMENT_TARGET = 9.1;
				MTL_ENABLE_DEBUG_INFO = YES;
				ONLY_ACTIVE_ARCH = YES;
				SDKROOT = iphoneos;
			};
			name = Debug;
		};
		980A01A71C030640008F6A8F /* Release */ = {
			isa = XCBuildConfiguration;
			buildSettings = {
				ALWAYS_SEARCH_USER_PATHS = NO;
				CLANG_CXX_LANGUAGE_STANDARD = "gnu++0x";
				CLANG_CXX_LIBRARY = "libc++";
				CLANG_ENABLE_MODULES = YES;
				CLANG_ENABLE_OBJC_ARC = YES;
				CLANG_WARN_BOOL_CONVERSION = YES;
				CLANG_WARN_CONSTANT_CONVERSION = YES;
				CLANG_WARN_DIRECT_OBJC_ISA_USAGE = YES_ERROR;
				CLANG_WARN_EMPTY_BODY = YES;
				CLANG_WARN_ENUM_CONVERSION = YES;
				CLANG_WARN_INT_CONVERSION = YES;
				CLANG_WARN_OBJC_ROOT_CLASS = YES_ERROR;
				CLANG_WARN_UNREACHABLE_CODE = YES;
				CLANG_WARN__DUPLICATE_METHOD_MATCH = YES;
				"CODE_SIGN_IDENTITY[sdk=iphoneos*]" = "iPhone Developer";
				COPY_PHASE_STRIP = NO;
				DEBUG_INFORMATION_FORMAT = "dwarf-with-dsym";
				ENABLE_NS_ASSERTIONS = NO;
				ENABLE_STRICT_OBJC_MSGSEND = YES;
				GCC_C_LANGUAGE_STANDARD = gnu99;
				GCC_NO_COMMON_BLOCKS = YES;
				GCC_PRECOMPILE_PREFIX_HEADER = YES;
				GCC_WARN_64_TO_32_BIT_CONVERSION = YES;
				GCC_WARN_ABOUT_RETURN_TYPE = YES_ERROR;
				GCC_WARN_UNDECLARED_SELECTOR = YES;
				GCC_WARN_UNINITIALIZED_AUTOS = YES_AGGRESSIVE;
				GCC_WARN_UNUSED_FUNCTION = YES;
				GCC_WARN_UNUSED_VARIABLE = YES;
				IPHONEOS_DEPLOYMENT_TARGET = 9.1;
				MTL_ENABLE_DEBUG_INFO = NO;
				SDKROOT = iphoneos;
				VALIDATE_PRODUCT = YES;
			};
			name = Release;
		};
		980A01A91C030640008F6A8F /* Debug */ = {
			isa = XCBuildConfiguration;
			buildSettings = {
				ASSETCATALOG_COMPILER_APPICON_NAME = AppIcon;
				GCC_PRECOMPILE_PREFIX_HEADER = YES;
				GCC_PREFIX_HEADER = "$(SRCROOT)/MyPersonalLibrary/MyPersonalLibraryPrefix.pch";
				INFOPLIST_FILE = MyPersonalLibrary/Info.plist;
				IPHONEOS_DEPLOYMENT_TARGET = 8.0;
				LD_RUNPATH_SEARCH_PATHS = "$(inherited) @executable_path/Frameworks";
				PRODUCT_BUNDLE_IDENTIFIER = com.wangjue.MyPersonalLibrary;
				PRODUCT_NAME = "$(TARGET_NAME)";
			};
			name = Debug;
		};
		980A01AA1C030640008F6A8F /* Release */ = {
			isa = XCBuildConfiguration;
			buildSettings = {
				ASSETCATALOG_COMPILER_APPICON_NAME = AppIcon;
				GCC_PRECOMPILE_PREFIX_HEADER = YES;
				GCC_PREFIX_HEADER = "$(SRCROOT)/MyPersonalLibrary/MyPersonalLibraryPrefix.pch";
				INFOPLIST_FILE = MyPersonalLibrary/Info.plist;
				IPHONEOS_DEPLOYMENT_TARGET = 8.0;
				LD_RUNPATH_SEARCH_PATHS = "$(inherited) @executable_path/Frameworks";
				PRODUCT_BUNDLE_IDENTIFIER = com.wangjue.MyPersonalLibrary;
				PRODUCT_NAME = "$(TARGET_NAME)";
			};
			name = Release;
		};
/* End XCBuildConfiguration section */

/* Begin XCConfigurationList section */
		980A018C1C030640008F6A8F /* Build configuration list for PBXProject "MyPersonalLibrary" */ = {
			isa = XCConfigurationList;
			buildConfigurations = (
				980A01A61C030640008F6A8F /* Debug */,
				980A01A71C030640008F6A8F /* Release */,
			);
			defaultConfigurationIsVisible = 0;
			defaultConfigurationName = Release;
		};
		980A01A81C030640008F6A8F /* Build configuration list for PBXNativeTarget "MyPersonalLibrary" */ = {
			isa = XCConfigurationList;
			buildConfigurations = (
				980A01A91C030640008F6A8F /* Debug */,
				980A01AA1C030640008F6A8F /* Release */,
			);
			defaultConfigurationIsVisible = 0;
			defaultConfigurationName = Release;
		};
/* End XCConfigurationList section */
	};
	rootObject = 980A01891C030640008F6A8F /* Project object */;
}
