// !$*UTF8*$!
{
	archiveVersion = 1;
	classes = {
	};
	objectVersion = 50;
	objects = {

/* Begin PBXBuildFile section */
		980B84FB24879A17006D1CD6 /* RestaurantDetailViewController.swift in Sources */ = {isa = PBXBuildFile; fileRef = 980B84FA24879A17006D1CD6 /* RestaurantDetailViewController.swift */; };
		983FB6472470F6E90063BAA4 /* RestaurantTableViewCell.swift in Sources */ = {isa = PBXBuildFile; fileRef = 983FB6462470F6E90063BAA4 /* RestaurantTableViewCell.swift */; };
		98440DD42491126100DDC465 /* UIColor+Ext.swift in Sources */ = {isa = PBXBuildFile; fileRef = 98440DD32491126100DDC465 /* UIColor+Ext.swift */; };
		98440DD62491141200DDC465 /* UINavigationController+Ext.swift in Sources */ = {isa = PBXBuildFile; fileRef = 98440DD52491141200DDC465 /* UINavigationController+Ext.swift */; };
		985FAA9D249243890053D054 /* MapViewController.swift in Sources */ = {isa = PBXBuildFile; fileRef = 985FAA9C249243890053D054 /* MapViewController.swift */; };
		9879218C2494E59100F5E38C /* ReviewViewController.swift in Sources */ = {isa = PBXBuildFile; fileRef = 9879218B2494E59100F5E38C /* ReviewViewController.swift */; };
		989400602490737200216A02 /* RestaurantDetailIconTextCell.swift in Sources */ = {isa = PBXBuildFile; fileRef = 9894005F2490737200216A02 /* RestaurantDetailIconTextCell.swift */; };
		98940062249075BD00216A02 /* RestaurantDetailTextCell.swift in Sources */ = {isa = PBXBuildFile; fileRef = 98940061249075BD00216A02 /* RestaurantDetailTextCell.swift */; };
		9894DF1C24888DC400563441 /* Restaurant.swift in Sources */ = {isa = PBXBuildFile; fileRef = 9894DF1B24888DC400563441 /* Restaurant.swift */; };
		98A2B7BC246B899B0072913A /* AppDelegate.swift in Sources */ = {isa = PBXBuildFile; fileRef = 98A2B7BB246B899B0072913A /* AppDelegate.swift */; };
		98A2B7BE246B899B0072913A /* SceneDelegate.swift in Sources */ = {isa = PBXBuildFile; fileRef = 98A2B7BD246B899B0072913A /* SceneDelegate.swift */; };
		98A2B7C3246B899B0072913A /* Main.storyboard in Resources */ = {isa = PBXBuildFile; fileRef = 98A2B7C1246B899B0072913A /* Main.storyboard */; };
		98A2B7C5246B899C0072913A /* Assets.xcassets in Resources */ = {isa = PBXBuildFile; fileRef = 98A2B7C4246B899C0072913A /* Assets.xcassets */; };
		98A2B7C8246B899C0072913A /* LaunchScreen.storyboard in Resources */ = {isa = PBXBuildFile; fileRef = 98A2B7C6246B899C0072913A /* LaunchScreen.storyboard */; };
		98A2B7D0246B8AF90072913A /* RestaurantTableViewController.swift in Sources */ = {isa = PBXBuildFile; fileRef = 98A2B7CF246B8AF90072913A /* RestaurantTableViewController.swift */; };
		98B7673024921F6E00076BD4 /* MapKit.framework in Frameworks */ = {isa = PBXBuildFile; fileRef = 98B7672F24921F6E00076BD4 /* MapKit.framework */; };
		98B767322492240100076BD4 /* RestaurantDetailSeparatorCell.swift in Sources */ = {isa = PBXBuildFile; fileRef = 98B767312492240100076BD4 /* RestaurantDetailSeparatorCell.swift */; };
		98B767342492249000076BD4 /* RestaurantDetailMapCell.swift in Sources */ = {isa = PBXBuildFile; fileRef = 98B767332492249000076BD4 /* RestaurantDetailMapCell.swift */; };
		98BB4F17248F694800484D13 /* Rubik-Black.ttf in Resources */ = {isa = PBXBuildFile; fileRef = 98BB4F12248F687C00484D13 /* Rubik-Black.ttf */; };
		98BB4F18248F694800484D13 /* Rubik-BlackItalic.ttf in Resources */ = {isa = PBXBuildFile; fileRef = 98BB4F0D248F687B00484D13 /* Rubik-BlackItalic.ttf */; };
		98BB4F19248F694800484D13 /* Rubik-Bold.ttf in Resources */ = {isa = PBXBuildFile; fileRef = 98BB4F0F248F687B00484D13 /* Rubik-Bold.ttf */; };
		98BB4F1A248F694800484D13 /* Rubik-BoldItalic.ttf in Resources */ = {isa = PBXBuildFile; fileRef = 98BB4F16248F687C00484D13 /* Rubik-BoldItalic.ttf */; };
		98BB4F1B248F694800484D13 /* Rubik-Italic.ttf in Resources */ = {isa = PBXBuildFile; fileRef = 98BB4F0E248F687B00484D13 /* Rubik-Italic.ttf */; };
		98BB4F1C248F694800484D13 /* Rubik-Light.ttf in Resources */ = {isa = PBXBuildFile; fileRef = 98BB4F14248F687C00484D13 /* Rubik-Light.ttf */; };
		98BB4F1D248F694800484D13 /* Rubik-LightItalic.ttf in Resources */ = {isa = PBXBuildFile; fileRef = 98BB4F10248F687B00484D13 /* Rubik-LightItalic.ttf */; };
		98BB4F1E248F694800484D13 /* Rubik-Medium.ttf in Resources */ = {isa = PBXBuildFile; fileRef = 98BB4F11248F687C00484D13 /* Rubik-Medium.ttf */; };
		98BB4F1F248F694800484D13 /* Rubik-MediumItalic.ttf in Resources */ = {isa = PBXBuildFile; fileRef = 98BB4F15248F687C00484D13 /* Rubik-MediumItalic.ttf */; };
		98BB4F20248F694800484D13 /* Rubik-Regular.ttf in Resources */ = {isa = PBXBuildFile; fileRef = 98BB4F13248F687C00484D13 /* Rubik-Regular.ttf */; };
		98BB4F22248F724A00484D13 /* RestaurantDetailHeaderView.swift in Sources */ = {isa = PBXBuildFile; fileRef = 98BB4F21248F724A00484D13 /* RestaurantDetailHeaderView.swift */; };
/* End PBXBuildFile section */

/* Begin PBXFileReference section */
		980B84FA24879A17006D1CD6 /* RestaurantDetailViewController.swift */ = {isa = PBXFileReference; lastKnownFileType = sourcecode.swift; path = RestaurantDetailViewController.swift; sourceTree = "<group>"; };
		983FB6462470F6E90063BAA4 /* RestaurantTableViewCell.swift */ = {isa = PBXFileReference; lastKnownFileType = sourcecode.swift; path = RestaurantTableViewCell.swift; sourceTree = "<group>"; };
		98440DD32491126100DDC465 /* UIColor+Ext.swift */ = {isa = PBXFileReference; lastKnownFileType = sourcecode.swift; path = "UIColor+Ext.swift"; sourceTree = "<group>"; };
		98440DD52491141200DDC465 /* UINavigationController+Ext.swift */ = {isa = PBXFileReference; lastKnownFileType = sourcecode.swift; path = "UINavigationController+Ext.swift"; sourceTree = "<group>"; };
		985FAA9C249243890053D054 /* MapViewController.swift */ = {isa = PBXFileReference; lastKnownFileType = sourcecode.swift; path = MapViewController.swift; sourceTree = "<group>"; };
		9879218B2494E59100F5E38C /* ReviewViewController.swift */ = {isa = PBXFileReference; lastKnownFileType = sourcecode.swift; path = ReviewViewController.swift; sourceTree = "<group>"; };
		9894005F2490737200216A02 /* RestaurantDetailIconTextCell.swift */ = {isa = PBXFileReference; lastKnownFileType = sourcecode.swift; path = RestaurantDetailIconTextCell.swift; sourceTree = "<group>"; };
		98940061249075BD00216A02 /* RestaurantDetailTextCell.swift */ = {isa = PBXFileReference; lastKnownFileType = sourcecode.swift; path = RestaurantDetailTextCell.swift; sourceTree = "<group>"; };
		9894DF1B24888DC400563441 /* Restaurant.swift */ = {isa = PBXFileReference; lastKnownFileType = sourcecode.swift; path = Restaurant.swift; sourceTree = "<group>"; };
		98A2B7B8246B899B0072913A /* FoodPin.app */ = {isa = PBXFileReference; explicitFileType = wrapper.application; includeInIndex = 0; path = FoodPin.app; sourceTree = BUILT_PRODUCTS_DIR; };
		98A2B7BB246B899B0072913A /* AppDelegate.swift */ = {isa = PBXFileReference; lastKnownFileType = sourcecode.swift; path = AppDelegate.swift; sourceTree = "<group>"; };
		98A2B7BD246B899B0072913A /* SceneDelegate.swift */ = {isa = PBXFileReference; lastKnownFileType = sourcecode.swift; path = SceneDelegate.swift; sourceTree = "<group>"; };
		98A2B7C2246B899B0072913A /* Base */ = {isa = PBXFileReference; lastKnownFileType = file.storyboard; name = Base; path = Base.lproj/Main.storyboard; sourceTree = "<group>"; };
		98A2B7C4246B899C0072913A /* Assets.xcassets */ = {isa = PBXFileReference; lastKnownFileType = folder.assetcatalog; path = Assets.xcassets; sourceTree = "<group>"; };
		98A2B7C7246B899C0072913A /* Base */ = {isa = PBXFileReference; lastKnownFileType = file.storyboard; name = Base; path = Base.lproj/LaunchScreen.storyboard; sourceTree = "<group>"; };
		98A2B7C9246B899C0072913A /* Info.plist */ = {isa = PBXFileReference; lastKnownFileType = text.plist.xml; path = Info.plist; sourceTree = "<group>"; };
		98A2B7CF246B8AF90072913A /* RestaurantTableViewController.swift */ = {isa = PBXFileReference; lastKnownFileType = sourcecode.swift; path = RestaurantTableViewController.swift; sourceTree = "<group>"; };
		98B7672F24921F6E00076BD4 /* MapKit.framework */ = {isa = PBXFileReference; lastKnownFileType = wrapper.framework; name = MapKit.framework; path = System/Library/Frameworks/MapKit.framework; sourceTree = SDKROOT; };
		98B767312492240100076BD4 /* RestaurantDetailSeparatorCell.swift */ = {isa = PBXFileReference; lastKnownFileType = sourcecode.swift; path = RestaurantDetailSeparatorCell.swift; sourceTree = "<group>"; };
		98B767332492249000076BD4 /* RestaurantDetailMapCell.swift */ = {isa = PBXFileReference; lastKnownFileType = sourcecode.swift; path = RestaurantDetailMapCell.swift; sourceTree = "<group>"; };
		98BB4F0D248F687B00484D13 /* Rubik-BlackItalic.ttf */ = {isa = PBXFileReference; lastKnownFileType = file; path = "Rubik-BlackItalic.ttf"; sourceTree = "<group>"; };
		98BB4F0E248F687B00484D13 /* Rubik-Italic.ttf */ = {isa = PBXFileReference; lastKnownFileType = file; path = "Rubik-Italic.ttf"; sourceTree = "<group>"; };
		98BB4F0F248F687B00484D13 /* Rubik-Bold.ttf */ = {isa = PBXFileReference; lastKnownFileType = file; path = "Rubik-Bold.ttf"; sourceTree = "<group>"; };
		98BB4F10248F687B00484D13 /* Rubik-LightItalic.ttf */ = {isa = PBXFileReference; lastKnownFileType = file; path = "Rubik-LightItalic.ttf"; sourceTree = "<group>"; };
		98BB4F11248F687C00484D13 /* Rubik-Medium.ttf */ = {isa = PBXFileReference; lastKnownFileType = file; path = "Rubik-Medium.ttf"; sourceTree = "<group>"; };
		98BB4F12248F687C00484D13 /* Rubik-Black.ttf */ = {isa = PBXFileReference; lastKnownFileType = file; path = "Rubik-Black.ttf"; sourceTree = "<group>"; };
		98BB4F13248F687C00484D13 /* Rubik-Regular.ttf */ = {isa = PBXFileReference; lastKnownFileType = file; path = "Rubik-Regular.ttf"; sourceTree = "<group>"; };
		98BB4F14248F687C00484D13 /* Rubik-Light.ttf */ = {isa = PBXFileReference; lastKnownFileType = file; path = "Rubik-Light.ttf"; sourceTree = "<group>"; };
		98BB4F15248F687C00484D13 /* Rubik-MediumItalic.ttf */ = {isa = PBXFileReference; lastKnownFileType = file; path = "Rubik-MediumItalic.ttf"; sourceTree = "<group>"; };
		98BB4F16248F687C00484D13 /* Rubik-BoldItalic.ttf */ = {isa = PBXFileReference; lastKnownFileType = file; path = "Rubik-BoldItalic.ttf"; sourceTree = "<group>"; };
		98BB4F21248F724A00484D13 /* RestaurantDetailHeaderView.swift */ = {isa = PBXFileReference; lastKnownFileType = sourcecode.swift; path = RestaurantDetailHeaderView.swift; sourceTree = "<group>"; };
/* End PBXFileReference section */

/* Begin PBXFrameworksBuildPhase section */
		98A2B7B5246B899B0072913A /* Frameworks */ = {
			isa = PBXFrameworksBuildPhase;
			buildActionMask = 2147483647;
			files = (
				98B7673024921F6E00076BD4 /* MapKit.framework in Frameworks */,
			);
			runOnlyForDeploymentPostprocessing = 0;
		};
/* End PBXFrameworksBuildPhase section */

/* Begin PBXGroup section */
		98440DD22491124100DDC465 /* Extensions */ = {
			isa = PBXGroup;
			children = (
				98440DD32491126100DDC465 /* UIColor+Ext.swift */,
				98440DD52491141200DDC465 /* UINavigationController+Ext.swift */,
			);
			path = Extensions;
			sourceTree = "<group>";
		};
		9894DF1D248894D800563441 /* Model */ = {
			isa = PBXGroup;
			children = (
				9894DF1B24888DC400563441 /* Restaurant.swift */,
			);
			path = Model;
			sourceTree = "<group>";
		};
		9894DF1E2488950D00563441 /* Storyboaard */ = {
			isa = PBXGroup;
			children = (
				98A2B7C1246B899B0072913A /* Main.storyboard */,
				98A2B7C6246B899C0072913A /* LaunchScreen.storyboard */,
			);
			path = Storyboaard;
			sourceTree = "<group>";
		};
		9894DF1F2488952600563441 /* View */ = {
			isa = PBXGroup;
			children = (
				983FB6462470F6E90063BAA4 /* RestaurantTableViewCell.swift */,
				98BB4F21248F724A00484D13 /* RestaurantDetailHeaderView.swift */,
				9894005F2490737200216A02 /* RestaurantDetailIconTextCell.swift */,
				98940061249075BD00216A02 /* RestaurantDetailTextCell.swift */,
				98B767312492240100076BD4 /* RestaurantDetailSeparatorCell.swift */,
				98B767332492249000076BD4 /* RestaurantDetailMapCell.swift */,
			);
			path = View;
			sourceTree = "<group>";
		};
		9894DF202488953600563441 /* Controller */ = {
			isa = PBXGroup;
			children = (
				98A2B7CF246B8AF90072913A /* RestaurantTableViewController.swift */,
				980B84FA24879A17006D1CD6 /* RestaurantDetailViewController.swift */,
				985FAA9C249243890053D054 /* MapViewController.swift */,
				9879218B2494E59100F5E38C /* ReviewViewController.swift */,
			);
			path = Controller;
			sourceTree = "<group>";
		};
		98A2B7AF246B899B0072913A = {
			isa = PBXGroup;
			children = (
				98A2B7BA246B899B0072913A /* FoodPin */,
				98A2B7B9246B899B0072913A /* Products */,
				98B7672E24921F6E00076BD4 /* Frameworks */,
			);
			sourceTree = "<group>";
		};
		98A2B7B9246B899B0072913A /* Products */ = {
			isa = PBXGroup;
			children = (
				98A2B7B8246B899B0072913A /* FoodPin.app */,
			);
			name = Products;
			sourceTree = "<group>";
		};
		98A2B7BA246B899B0072913A /* FoodPin */ = {
			isa = PBXGroup;
			children = (
				98440DD22491124100DDC465 /* Extensions */,
				98BB4F01248F67F800484D13 /* Resources */,
				9894DF202488953600563441 /* Controller */,
				9894DF1F2488952600563441 /* View */,
				9894DF1E2488950D00563441 /* Storyboaard */,
				9894DF1D248894D800563441 /* Model */,
				98A2B7BB246B899B0072913A /* AppDelegate.swift */,
				98A2B7BD246B899B0072913A /* SceneDelegate.swift */,
				98A2B7C4246B899C0072913A /* Assets.xcassets */,
				98A2B7C9246B899C0072913A /* Info.plist */,
			);
			path = FoodPin;
			sourceTree = "<group>";
		};
		98B7672E24921F6E00076BD4 /* Frameworks */ = {
			isa = PBXGroup;
			children = (
				98B7672F24921F6E00076BD4 /* MapKit.framework */,
			);
			name = Frameworks;
			sourceTree = "<group>";
		};
		98BB4F01248F67F800484D13 /* Resources */ = {
			isa = PBXGroup;
			children = (
				98BB4F02248F680E00484D13 /* Fonts */,
			);
			path = Resources;
			sourceTree = "<group>";
		};
		98BB4F02248F680E00484D13 /* Fonts */ = {
			isa = PBXGroup;
			children = (
				98BB4F12248F687C00484D13 /* Rubik-Black.ttf */,
				98BB4F0D248F687B00484D13 /* Rubik-BlackItalic.ttf */,
				98BB4F0F248F687B00484D13 /* Rubik-Bold.ttf */,
				98BB4F16248F687C00484D13 /* Rubik-BoldItalic.ttf */,
				98BB4F0E248F687B00484D13 /* Rubik-Italic.ttf */,
				98BB4F14248F687C00484D13 /* Rubik-Light.ttf */,
				98BB4F10248F687B00484D13 /* Rubik-LightItalic.ttf */,
				98BB4F11248F687C00484D13 /* Rubik-Medium.ttf */,
				98BB4F15248F687C00484D13 /* Rubik-MediumItalic.ttf */,
				98BB4F13248F687C00484D13 /* Rubik-Regular.ttf */,
			);
			path = Fonts;
			sourceTree = "<group>";
		};
/* End PBXGroup section */

/* Begin PBXNativeTarget section */
		98A2B7B7246B899B0072913A /* FoodPin */ = {
			isa = PBXNativeTarget;
			buildConfigurationList = 98A2B7CC246B899C0072913A /* Build configuration list for PBXNativeTarget "FoodPin" */;
			buildPhases = (
				98A2B7B4246B899B0072913A /* Sources */,
				98A2B7B5246B899B0072913A /* Frameworks */,
				98A2B7B6246B899B0072913A /* Resources */,
			);
			buildRules = (
			);
			dependencies = (
			);
			name = FoodPin;
			productName = FoodPin;
			productReference = 98A2B7B8246B899B0072913A /* FoodPin.app */;
			productType = "com.apple.product-type.application";
		};
/* End PBXNativeTarget section */

/* Begin PBXProject section */
		98A2B7B0246B899B0072913A /* Project object */ = {
			isa = PBXProject;
			attributes = {
				LastSwiftUpdateCheck = 1140;
				LastUpgradeCheck = 1140;
				ORGANIZATIONNAME = "王珏";
				TargetAttributes = {
					98A2B7B7246B899B0072913A = {
						CreatedOnToolsVersion = 11.4.1;
					};
				};
			};
			buildConfigurationList = 98A2B7B3246B899B0072913A /* Build configuration list for PBXProject "FoodPin" */;
			compatibilityVersion = "Xcode 9.3";
			developmentRegion = en;
			hasScannedForEncodings = 0;
			knownRegions = (
				en,
				Base,
			);
			mainGroup = 98A2B7AF246B899B0072913A;
			productRefGroup = 98A2B7B9246B899B0072913A /* Products */;
			projectDirPath = "";
			projectRoot = "";
			targets = (
				98A2B7B7246B899B0072913A /* FoodPin */,
			);
		};
/* End PBXProject section */

/* Begin PBXResourcesBuildPhase section */
		98A2B7B6246B899B0072913A /* Resources */ = {
			isa = PBXResourcesBuildPhase;
			buildActionMask = 2147483647;
			files = (
				98BB4F18248F694800484D13 /* Rubik-BlackItalic.ttf in Resources */,
				98BB4F1D248F694800484D13 /* Rubik-LightItalic.ttf in Resources */,
				98BB4F19248F694800484D13 /* Rubik-Bold.ttf in Resources */,
				98A2B7C8246B899C0072913A /* LaunchScreen.storyboard in Resources */,
				98A2B7C5246B899C0072913A /* Assets.xcassets in Resources */,
				98BB4F1C248F694800484D13 /* Rubik-Light.ttf in Resources */,
				98BB4F1B248F694800484D13 /* Rubik-Italic.ttf in Resources */,
				98BB4F1F248F694800484D13 /* Rubik-MediumItalic.ttf in Resources */,
				98BB4F17248F694800484D13 /* Rubik-Black.ttf in Resources */,
				98BB4F1A248F694800484D13 /* Rubik-BoldItalic.ttf in Resources */,
				98BB4F20248F694800484D13 /* Rubik-Regular.ttf in Resources */,
				98BB4F1E248F694800484D13 /* Rubik-Medium.ttf in Resources */,
				98A2B7C3246B899B0072913A /* Main.storyboard in Resources */,
			);
			runOnlyForDeploymentPostprocessing = 0;
		};
/* End PBXResourcesBuildPhase section */

/* Begin PBXSourcesBuildPhase section */
		98A2B7B4246B899B0072913A /* Sources */ = {
			isa = PBXSourcesBuildPhase;
			buildActionMask = 2147483647;
			files = (
				98440DD62491141200DDC465 /* UINavigationController+Ext.swift in Sources */,
				983FB6472470F6E90063BAA4 /* RestaurantTableViewCell.swift in Sources */,
				9879218C2494E59100F5E38C /* ReviewViewController.swift in Sources */,
				98940062249075BD00216A02 /* RestaurantDetailTextCell.swift in Sources */,
				98A2B7BC246B899B0072913A /* AppDelegate.swift in Sources */,
				9894DF1C24888DC400563441 /* Restaurant.swift in Sources */,
				989400602490737200216A02 /* RestaurantDetailIconTextCell.swift in Sources */,
				98BB4F22248F724A00484D13 /* RestaurantDetailHeaderView.swift in Sources */,
				98B767322492240100076BD4 /* RestaurantDetailSeparatorCell.swift in Sources */,
				98B767342492249000076BD4 /* RestaurantDetailMapCell.swift in Sources */,
				980B84FB24879A17006D1CD6 /* RestaurantDetailViewController.swift in Sources */,
				98440DD42491126100DDC465 /* UIColor+Ext.swift in Sources */,
				98A2B7BE246B899B0072913A /* SceneDelegate.swift in Sources */,
				98A2B7D0246B8AF90072913A /* RestaurantTableViewController.swift in Sources */,
				985FAA9D249243890053D054 /* MapViewController.swift in Sources */,
			);
			runOnlyForDeploymentPostprocessing = 0;
		};
/* End PBXSourcesBuildPhase section */

/* Begin PBXVariantGroup section */
		98A2B7C1246B899B0072913A /* Main.storyboard */ = {
			isa = PBXVariantGroup;
			children = (
				98A2B7C2246B899B0072913A /* Base */,
			);
			name = Main.storyboard;
			sourceTree = "<group>";
		};
		98A2B7C6246B899C0072913A /* LaunchScreen.storyboard */ = {
			isa = PBXVariantGroup;
			children = (
				98A2B7C7246B899C0072913A /* Base */,
			);
			name = LaunchScreen.storyboard;
			sourceTree = "<group>";
		};
/* End PBXVariantGroup section */

/* Begin XCBuildConfiguration section */
		98A2B7CA246B899C0072913A /* Debug */ = {
			isa = XCBuildConfiguration;
			buildSettings = {
				ALWAYS_SEARCH_USER_PATHS = NO;
				CLANG_ANALYZER_NONNULL = YES;
				CLANG_ANALYZER_NUMBER_OBJECT_CONVERSION = YES_AGGRESSIVE;
				CLANG_CXX_LANGUAGE_STANDARD = "gnu++14";
				CLANG_CXX_LIBRARY = "libc++";
				CLANG_ENABLE_MODULES = YES;
				CLANG_ENABLE_OBJC_ARC = YES;
				CLANG_ENABLE_OBJC_WEAK = YES;
				CLANG_WARN_BLOCK_CAPTURE_AUTORELEASING = YES;
				CLANG_WARN_BOOL_CONVERSION = YES;
				CLANG_WARN_COMMA = YES;
				CLANG_WARN_CONSTANT_CONVERSION = YES;
				CLANG_WARN_DEPRECATED_OBJC_IMPLEMENTATIONS = YES;
				CLANG_WARN_DIRECT_OBJC_ISA_USAGE = YES_ERROR;
				CLANG_WARN_DOCUMENTATION_COMMENTS = YES;
				CLANG_WARN_EMPTY_BODY = YES;
				CLANG_WARN_ENUM_CONVERSION = YES;
				CLANG_WARN_INFINITE_RECURSION = YES;
				CLANG_WARN_INT_CONVERSION = YES;
				CLANG_WARN_NON_LITERAL_NULL_CONVERSION = YES;
				CLANG_WARN_OBJC_IMPLICIT_RETAIN_SELF = YES;
				CLANG_WARN_OBJC_LITERAL_CONVERSION = YES;
				CLANG_WARN_OBJC_ROOT_CLASS = YES_ERROR;
				CLANG_WARN_RANGE_LOOP_ANALYSIS = YES;
				CLANG_WARN_STRICT_PROTOTYPES = YES;
				CLANG_WARN_SUSPICIOUS_MOVE = YES;
				CLANG_WARN_UNGUARDED_AVAILABILITY = YES_AGGRESSIVE;
				CLANG_WARN_UNREACHABLE_CODE = YES;
				CLANG_WARN__DUPLICATE_METHOD_MATCH = YES;
				COPY_PHASE_STRIP = NO;
				DEBUG_INFORMATION_FORMAT = dwarf;
				ENABLE_STRICT_OBJC_MSGSEND = YES;
				ENABLE_TESTABILITY = YES;
				GCC_C_LANGUAGE_STANDARD = gnu11;
				GCC_DYNAMIC_NO_PIC = NO;
				GCC_NO_COMMON_BLOCKS = YES;
				GCC_OPTIMIZATION_LEVEL = 0;
				GCC_PREPROCESSOR_DEFINITIONS = (
					"DEBUG=1",
					"$(inherited)",
				);
				GCC_WARN_64_TO_32_BIT_CONVERSION = YES;
				GCC_WARN_ABOUT_RETURN_TYPE = YES_ERROR;
				GCC_WARN_UNDECLARED_SELECTOR = YES;
				GCC_WARN_UNINITIALIZED_AUTOS = YES_AGGRESSIVE;
				GCC_WARN_UNUSED_FUNCTION = YES;
				GCC_WARN_UNUSED_VARIABLE = YES;
				IPHONEOS_DEPLOYMENT_TARGET = 13.5;
				MTL_ENABLE_DEBUG_INFO = INCLUDE_SOURCE;
				MTL_FAST_MATH = YES;
				ONLY_ACTIVE_ARCH = YES;
				SDKROOT = iphoneos;
				SWIFT_ACTIVE_COMPILATION_CONDITIONS = DEBUG;
				SWIFT_OPTIMIZATION_LEVEL = "-Onone";
			};
			name = Debug;
		};
		98A2B7CB246B899C0072913A /* Release */ = {
			isa = XCBuildConfiguration;
			buildSettings = {
				ALWAYS_SEARCH_USER_PATHS = NO;
				CLANG_ANALYZER_NONNULL = YES;
				CLANG_ANALYZER_NUMBER_OBJECT_CONVERSION = YES_AGGRESSIVE;
				CLANG_CXX_LANGUAGE_STANDARD = "gnu++14";
				CLANG_CXX_LIBRARY = "libc++";
				CLANG_ENABLE_MODULES = YES;
				CLANG_ENABLE_OBJC_ARC = YES;
				CLANG_ENABLE_OBJC_WEAK = YES;
				CLANG_WARN_BLOCK_CAPTURE_AUTORELEASING = YES;
				CLANG_WARN_BOOL_CONVERSION = YES;
				CLANG_WARN_COMMA = YES;
				CLANG_WARN_CONSTANT_CONVERSION = YES;
				CLANG_WARN_DEPRECATED_OBJC_IMPLEMENTATIONS = YES;
				CLANG_WARN_DIRECT_OBJC_ISA_USAGE = YES_ERROR;
				CLANG_WARN_DOCUMENTATION_COMMENTS = YES;
				CLANG_WARN_EMPTY_BODY = YES;
				CLANG_WARN_ENUM_CONVERSION = YES;
				CLANG_WARN_INFINITE_RECURSION = YES;
				CLANG_WARN_INT_CONVERSION = YES;
				CLANG_WARN_NON_LITERAL_NULL_CONVERSION = YES;
				CLANG_WARN_OBJC_IMPLICIT_RETAIN_SELF = YES;
				CLANG_WARN_OBJC_LITERAL_CONVERSION = YES;
				CLANG_WARN_OBJC_ROOT_CLASS = YES_ERROR;
				CLANG_WARN_RANGE_LOOP_ANALYSIS = YES;
				CLANG_WARN_STRICT_PROTOTYPES = YES;
				CLANG_WARN_SUSPICIOUS_MOVE = YES;
				CLANG_WARN_UNGUARDED_AVAILABILITY = YES_AGGRESSIVE;
				CLANG_WARN_UNREACHABLE_CODE = YES;
				CLANG_WARN__DUPLICATE_METHOD_MATCH = YES;
				COPY_PHASE_STRIP = NO;
				DEBUG_INFORMATION_FORMAT = "dwarf-with-dsym";
				ENABLE_NS_ASSERTIONS = NO;
				ENABLE_STRICT_OBJC_MSGSEND = YES;
				GCC_C_LANGUAGE_STANDARD = gnu11;
				GCC_NO_COMMON_BLOCKS = YES;
				GCC_WARN_64_TO_32_BIT_CONVERSION = YES;
				GCC_WARN_ABOUT_RETURN_TYPE = YES_ERROR;
				GCC_WARN_UNDECLARED_SELECTOR = YES;
				GCC_WARN_UNINITIALIZED_AUTOS = YES_AGGRESSIVE;
				GCC_WARN_UNUSED_FUNCTION = YES;
				GCC_WARN_UNUSED_VARIABLE = YES;
				IPHONEOS_DEPLOYMENT_TARGET = 13.5;
				MTL_ENABLE_DEBUG_INFO = NO;
				MTL_FAST_MATH = YES;
				SDKROOT = iphoneos;
				SWIFT_COMPILATION_MODE = wholemodule;
				SWIFT_OPTIMIZATION_LEVEL = "-O";
				VALIDATE_PRODUCT = YES;
			};
			name = Release;
		};
		98A2B7CD246B899C0072913A /* Debug */ = {
			isa = XCBuildConfiguration;
			buildSettings = {
				ASSETCATALOG_COMPILER_APPICON_NAME = AppIcon;
				CODE_SIGN_STYLE = Automatic;
				DEVELOPMENT_TEAM = GVN682F3UK;
				INFOPLIST_FILE = FoodPin/Info.plist;
				IPHONEOS_DEPLOYMENT_TARGET = 13.5;
				LD_RUNPATH_SEARCH_PATHS = (
					"$(inherited)",
					"@executable_path/Frameworks",
				);
				PRODUCT_BUNDLE_IDENTIFIER = wangjue.FoodPin;
				PRODUCT_NAME = "$(TARGET_NAME)";
				SWIFT_VERSION = 5.0;
				TARGETED_DEVICE_FAMILY = "1,2";
			};
			name = Debug;
		};
		98A2B7CE246B899C0072913A /* Release */ = {
			isa = XCBuildConfiguration;
			buildSettings = {
				ASSETCATALOG_COMPILER_APPICON_NAME = AppIcon;
				CODE_SIGN_STYLE = Automatic;
				DEVELOPMENT_TEAM = GVN682F3UK;
				INFOPLIST_FILE = FoodPin/Info.plist;
				IPHONEOS_DEPLOYMENT_TARGET = 13.5;
				LD_RUNPATH_SEARCH_PATHS = (
					"$(inherited)",
					"@executable_path/Frameworks",
				);
				PRODUCT_BUNDLE_IDENTIFIER = wangjue.FoodPin;
				PRODUCT_NAME = "$(TARGET_NAME)";
				SWIFT_VERSION = 5.0;
				TARGETED_DEVICE_FAMILY = "1,2";
			};
			name = Release;
		};
/* End XCBuildConfiguration section */

/* Begin XCConfigurationList section */
		98A2B7B3246B899B0072913A /* Build configuration list for PBXProject "FoodPin" */ = {
			isa = XCConfigurationList;
			buildConfigurations = (
				98A2B7CA246B899C0072913A /* Debug */,
				98A2B7CB246B899C0072913A /* Release */,
			);
			defaultConfigurationIsVisible = 0;
			defaultConfigurationName = Release;
		};
		98A2B7CC246B899C0072913A /* Build configuration list for PBXNativeTarget "FoodPin" */ = {
			isa = XCConfigurationList;
			buildConfigurations = (
				98A2B7CD246B899C0072913A /* Debug */,
				98A2B7CE246B899C0072913A /* Release */,
			);
			defaultConfigurationIsVisible = 0;
			defaultConfigurationName = Release;
		};
/* End XCConfigurationList section */
	};
	rootObject = 98A2B7B0246B899B0072913A /* Project object */;
}
